// !$*UTF8*$!
{
	archiveVersion = 1;
	classes = {
	};
	objectVersion = 50;
	objects = {

/* Begin PBXBuildFile section */
		534953812440AD9200B7F530 /* AppDelegate.swift in Sources */ = {isa = PBXBuildFile; fileRef = 534953802440AD9200B7F530 /* AppDelegate.swift */; };
		534953832440AD9200B7F530 /* GameScene.sks in Resources */ = {isa = PBXBuildFile; fileRef = 534953822440AD9200B7F530 /* GameScene.sks */; };
		534953872440AD9200B7F530 /* GameScene.swift in Sources */ = {isa = PBXBuildFile; fileRef = 534953862440AD9200B7F530 /* GameScene.swift */; };
		534953892440AD9200B7F530 /* GameViewController.swift in Sources */ = {isa = PBXBuildFile; fileRef = 534953882440AD9200B7F530 /* GameViewController.swift */; };
		5349538C2440AD9200B7F530 /* Main.storyboard in Resources */ = {isa = PBXBuildFile; fileRef = 5349538A2440AD9200B7F530 /* Main.storyboard */; };
		5349538E2440AD9500B7F530 /* Assets.xcassets in Resources */ = {isa = PBXBuildFile; fileRef = 5349538D2440AD9500B7F530 /* Assets.xcassets */; };
		534953912440AD9500B7F530 /* LaunchScreen.storyboard in Resources */ = {isa = PBXBuildFile; fileRef = 5349538F2440AD9500B7F530 /* LaunchScreen.storyboard */; };
		5349539B2440B3AA00B7F530 /* WhackSlot.swift in Sources */ = {isa = PBXBuildFile; fileRef = 5349539A2440B3AA00B7F530 /* WhackSlot.swift */; };
/* End PBXBuildFile section */

/* Begin PBXFileReference section */
		5349537D2440AD9100B7F530 /* Project 14.app */ = {isa = PBXFileReference; explicitFileType = wrapper.application; includeInIndex = 0; path = "Project 14.app"; sourceTree = BUILT_PRODUCTS_DIR; };
		534953802440AD9200B7F530 /* AppDelegate.swift */ = {isa = PBXFileReference; lastKnownFileType = sourcecode.swift; path = AppDelegate.swift; sourceTree = "<group>"; };
		534953822440AD9200B7F530 /* GameScene.sks */ = {isa = PBXFileReference; lastKnownFileType = file.sks; path = GameScene.sks; sourceTree = "<group>"; };
		534953862440AD9200B7F530 /* GameScene.swift */ = {isa = PBXFileReference; lastKnownFileType = sourcecode.swift; path = GameScene.swift; sourceTree = "<group>"; };
		534953882440AD9200B7F530 /* GameViewController.swift */ = {isa = PBXFileReference; lastKnownFileType = sourcecode.swift; path = GameViewController.swift; sourceTree = "<group>"; };
		5349538B2440AD9200B7F530 /* Base */ = {isa = PBXFileReference; lastKnownFileType = file.storyboard; name = Base; path = Base.lproj/Main.storyboard; sourceTree = "<group>"; };
		5349538D2440AD9500B7F530 /* Assets.xcassets */ = {isa = PBXFileReference; lastKnownFileType = folder.assetcatalog; path = Assets.xcassets; sourceTree = "<group>"; };
		534953902440AD9500B7F530 /* Base */ = {isa = PBXFileReference; lastKnownFileType = file.storyboard; name = Base; path = Base.lproj/LaunchScreen.storyboard; sourceTree = "<group>"; };
		534953922440AD9500B7F530 /* Info.plist */ = {isa = PBXFileReference; lastKnownFileType = text.plist.xml; path = Info.plist; sourceTree = "<group>"; };
		534953982440AE1100B7F530 /* whack.caf */ = {isa = PBXFileReference; lastKnownFileType = file; path = whack.caf; sourceTree = "<group>"; };
		534953992440AE1100B7F530 /* whackBad.caf */ = {isa = PBXFileReference; lastKnownFileType = file; path = whackBad.caf; sourceTree = "<group>"; };
		5349539A2440B3AA00B7F530 /* WhackSlot.swift */ = {isa = PBXFileReference; lastKnownFileType = sourcecode.swift; path = WhackSlot.swift; sourceTree = "<group>"; };
/* End PBXFileReference section */

/* Begin PBXFrameworksBuildPhase section */
		5349537A2440AD9100B7F530 /* Frameworks */ = {
			isa = PBXFrameworksBuildPhase;
			buildActionMask = 2147483647;
			files = (
			);
			runOnlyForDeploymentPostprocessing = 0;
		};
/* End PBXFrameworksBuildPhase section */

/* Begin PBXGroup section */
		534953742440AD9100B7F530 = {
			isa = PBXGroup;
			children = (
				5349537F2440AD9100B7F530 /* Project 14 */,
				5349537E2440AD9100B7F530 /* Products */,
			);
			sourceTree = "<group>";
		};
		5349537E2440AD9100B7F530 /* Products */ = {
			isa = PBXGroup;
			children = (
				5349537D2440AD9100B7F530 /* Project 14.app */,
			);
			name = Products;
			sourceTree = "<group>";
		};
		5349537F2440AD9100B7F530 /* Project 14 */ = {
			isa = PBXGroup;
			children = (
				534953802440AD9200B7F530 /* AppDelegate.swift */,
				534953822440AD9200B7F530 /* GameScene.sks */,
				534953862440AD9200B7F530 /* GameScene.swift */,
				5349539A2440B3AA00B7F530 /* WhackSlot.swift */,
				534953882440AD9200B7F530 /* GameViewController.swift */,
				5349538A2440AD9200B7F530 /* Main.storyboard */,
				5349538D2440AD9500B7F530 /* Assets.xcassets */,
				5349538F2440AD9500B7F530 /* LaunchScreen.storyboard */,
				534953922440AD9500B7F530 /* Info.plist */,
				534953982440AE1100B7F530 /* whack.caf */,
				534953992440AE1100B7F530 /* whackBad.caf */,
			);
			path = "Project 14";
			sourceTree = "<group>";
		};
/* End PBXGroup section */

/* Begin PBXNativeTarget section */
		5349537C2440AD9100B7F530 /* Project 14 */ = {
			isa = PBXNativeTarget;
			buildConfigurationList = 534953952440AD9500B7F530 /* Build configuration list for PBXNativeTarget "Project 14" */;
			buildPhases = (
				534953792440AD9100B7F530 /* Sources */,
				5349537A2440AD9100B7F530 /* Frameworks */,
				5349537B2440AD9100B7F530 /* Resources */,
			);
			buildRules = (
			);
			dependencies = (
			);
			name = "Project 14";
			productName = "Project 14";
			productReference = 5349537D2440AD9100B7F530 /* Project 14.app */;
			productType = "com.apple.product-type.application";
		};
/* End PBXNativeTarget section */

/* Begin PBXProject section */
		534953752440AD9100B7F530 /* Project object */ = {
			isa = PBXProject;
			attributes = {
				LastSwiftUpdateCheck = 1140;
				LastUpgradeCheck = 1140;
				ORGANIZATIONNAME = "Артём Бурмистров";
				TargetAttributes = {
					5349537C2440AD9100B7F530 = {
						CreatedOnToolsVersion = 11.4;
					};
				};
			};
			buildConfigurationList = 534953782440AD9100B7F530 /* Build configuration list for PBXProject "Project 14" */;
			compatibilityVersion = "Xcode 9.3";
			developmentRegion = en;
			hasScannedForEncodings = 0;
			knownRegions = (
				en,
				Base,
			);
			mainGroup = 534953742440AD9100B7F530;
			productRefGroup = 5349537E2440AD9100B7F530 /* Products */;
			projectDirPath = "";
			projectRoot = "";
			targets = (
				5349537C2440AD9100B7F530 /* Project 14 */,
			);
		};
/* End PBXProject section */

/* Begin PBXResourcesBuildPhase section */
		5349537B2440AD9100B7F530 /* Resources */ = {
			isa = PBXResourcesBuildPhase;
			buildActionMask = 2147483647;
			files = (
				5349538C2440AD9200B7F530 /* Main.storyboard in Resources */,
				534953832440AD9200B7F530 /* GameScene.sks in Resources */,
				5349538E2440AD9500B7F530 /* Assets.xcassets in Resources */,
				534953912440AD9500B7F530 /* LaunchScreen.storyboard in Resources */,
			);
			runOnlyForDeploymentPostprocessing = 0;
		};
/* End PBXResourcesBuildPhase section */

/* Begin PBXSourcesBuildPhase section */
		534953792440AD9100B7F530 /* Sources */ = {
			isa = PBXSourcesBuildPhase;
			buildActionMask = 2147483647;
			files = (
				534953872440AD9200B7F530 /* GameScene.swift in Sources */,
				534953892440AD9200B7F530 /* GameViewController.swift in Sources */,
				5349539B2440B3AA00B7F530 /* WhackSlot.swift in Sources */,
				534953812440AD9200B7F530 /* AppDelegate.swift in Sources */,
			);
			runOnlyForDeploymentPostprocessing = 0;
		};
/* End PBXSourcesBuildPhase section */

/* Begin PBXVariantGroup section */
		5349538A2440AD9200B7F530 /* Main.storyboard */ = {
			isa = PBXVariantGroup;
			children = (
				5349538B2440AD9200B7F530 /* Base */,
			);
			name = Main.storyboard;
			sourceTree = "<group>";
		};
		5349538F2440AD9500B7F530 /* LaunchScreen.storyboard */ = {
			isa = PBXVariantGroup;
			children = (
				534953902440AD9500B7F530 /* Base */,
			);
			name = LaunchScreen.storyboard;
			sourceTree = "<group>";
		};
/* End PBXVariantGroup section */

/* Begin XCBuildConfiguration section */
		534953932440AD9500B7F530 /* Debug */ = {
			isa = XCBuildConfiguration;
			buildSettings = {
				ALWAYS_SEARCH_USER_PATHS = NO;
				CLANG_ANALYZER_NONNULL = YES;
				CLANG_ANALYZER_NUMBER_OBJECT_CONVERSION = YES_AGGRESSIVE;
				CLANG_CXX_LANGUAGE_STANDARD = "gnu++14";
				CLANG_CXX_LIBRARY = "libc++";
				CLANG_ENABLE_MODULES = YES;
				CLANG_ENABLE_OBJC_ARC = YES;
				CLANG_ENABLE_OBJC_WEAK = YES;
				CLANG_WARN_BLOCK_CAPTURE_AUTORELEASING = YES;
				CLANG_WARN_BOOL_CONVERSION = YES;
				CLANG_WARN_COMMA = YES;
				CLANG_WARN_CONSTANT_CONVERSION = YES;
				CLANG_WARN_DEPRECATED_OBJC_IMPLEMENTATIONS = YES;
				CLANG_WARN_DIRECT_OBJC_ISA_USAGE = YES_ERROR;
				CLANG_WARN_DOCUMENTATION_COMMENTS = YES;
				CLANG_WARN_EMPTY_BODY = YES;
				CLANG_WARN_ENUM_CONVERSION = YES;
				CLANG_WARN_INFINITE_RECURSION = YES;
				CLANG_WARN_INT_CONVERSION = YES;
				CLANG_WARN_NON_LITERAL_NULL_CONVERSION = YES;
				CLANG_WARN_OBJC_IMPLICIT_RETAIN_SELF = YES;
				CLANG_WARN_OBJC_LITERAL_CONVERSION = YES;
				CLANG_WARN_OBJC_ROOT_CLASS = YES_ERROR;
				CLANG_WARN_RANGE_LOOP_ANALYSIS = YES;
				CLANG_WARN_STRICT_PROTOTYPES = YES;
				CLANG_WARN_SUSPICIOUS_MOVE = YES;
				CLANG_WARN_UNGUARDED_AVAILABILITY = YES_AGGRESSIVE;
				CLANG_WARN_UNREACHABLE_CODE = YES;
				CLANG_WARN__DUPLICATE_METHOD_MATCH = YES;
				COPY_PHASE_STRIP = NO;
				DEBUG_INFORMATION_FORMAT = dwarf;
				ENABLE_STRICT_OBJC_MSGSEND = YES;
				ENABLE_TESTABILITY = YES;
				GCC_C_LANGUAGE_STANDARD = gnu11;
				GCC_DYNAMIC_NO_PIC = NO;
				GCC_NO_COMMON_BLOCKS = YES;
				GCC_OPTIMIZATION_LEVEL = 0;
				GCC_PREPROCESSOR_DEFINITIONS = (
					"DEBUG=1",
					"$(inherited)",
				);
				GCC_WARN_64_TO_32_BIT_CONVERSION = YES;
				GCC_WARN_ABOUT_RETURN_TYPE = YES_ERROR;
				GCC_WARN_UNDECLARED_SELECTOR = YES;
				GCC_WARN_UNINITIALIZED_AUTOS = YES_AGGRESSIVE;
				GCC_WARN_UNUSED_FUNCTION = YES;
				GCC_WARN_UNUSED_VARIABLE = YES;
				IPHONEOS_DEPLOYMENT_TARGET = 13.4;
				MTL_ENABLE_DEBUG_INFO = INCLUDE_SOURCE;
				MTL_FAST_MATH = YES;
				ONLY_ACTIVE_ARCH = YES;
				SDKROOT = iphoneos;
				SWIFT_ACTIVE_COMPILATION_CONDITIONS = DEBUG;
				SWIFT_OPTIMIZATION_LEVEL = "-Onone";
			};
			name = Debug;
		};
		534953942440AD9500B7F530 /* Release */ = {
			isa = XCBuildConfiguration;
			buildSettings = {
				ALWAYS_SEARCH_USER_PATHS = NO;
				CLANG_ANALYZER_NONNULL = YES;
				CLANG_ANALYZER_NUMBER_OBJECT_CONVERSION = YES_AGGRESSIVE;
				CLANG_CXX_LANGUAGE_STANDARD = "gnu++14";
				CLANG_CXX_LIBRARY = "libc++";
				CLANG_ENABLE_MODULES = YES;
				CLANG_ENABLE_OBJC_ARC = YES;
				CLANG_ENABLE_OBJC_WEAK = YES;
				CLANG_WARN_BLOCK_CAPTURE_AUTORELEASING = YES;
				CLANG_WARN_BOOL_CONVERSION = YES;
				CLANG_WARN_COMMA = YES;
				CLANG_WARN_CONSTANT_CONVERSION = YES;
				CLANG_WARN_DEPRECATED_OBJC_IMPLEMENTATIONS = YES;
				CLANG_WARN_DIRECT_OBJC_ISA_USAGE = YES_ERROR;
				CLANG_WARN_DOCUMENTATION_COMMENTS = YES;
				CLANG_WARN_EMPTY_BODY = YES;
				CLANG_WARN_ENUM_CONVERSION = YES;
				CLANG_WARN_INFINITE_RECURSION = YES;
				CLANG_WARN_INT_CONVERSION = YES;
				CLANG_WARN_NON_LITERAL_NULL_CONVERSION = YES;
				CLANG_WARN_OBJC_IMPLICIT_RETAIN_SELF = YES;
				CLANG_WARN_OBJC_LITERAL_CONVERSION = YES;
				CLANG_WARN_OBJC_ROOT_CLASS = YES_ERROR;
				CLANG_WARN_RANGE_LOOP_ANALYSIS = YES;
				CLANG_WARN_STRICT_PROTOTYPES = YES;
				CLANG_WARN_SUSPICIOUS_MOVE = YES;
				CLANG_WARN_UNGUARDED_AVAILABILITY = YES_AGGRESSIVE;
				CLANG_WARN_UNREACHABLE_CODE = YES;
				CLANG_WARN__DUPLICATE_METHOD_MATCH = YES;
				COPY_PHASE_STRIP = NO;
				DEBUG_INFORMATION_FORMAT = "dwarf-with-dsym";
				ENABLE_NS_ASSERTIONS = NO;
				ENABLE_STRICT_OBJC_MSGSEND = YES;
				GCC_C_LANGUAGE_STANDARD = gnu11;
				GCC_NO_COMMON_BLOCKS = YES;
				GCC_WARN_64_TO_32_BIT_CONVERSION = YES;
				GCC_WARN_ABOUT_RETURN_TYPE = YES_ERROR;
				GCC_WARN_UNDECLARED_SELECTOR = YES;
				GCC_WARN_UNINITIALIZED_AUTOS = YES_AGGRESSIVE;
				GCC_WARN_UNUSED_FUNCTION = YES;
				GCC_WARN_UNUSED_VARIABLE = YES;
				IPHONEOS_DEPLOYMENT_TARGET = 13.4;
				MTL_ENABLE_DEBUG_INFO = NO;
				MTL_FAST_MATH = YES;
				SDKROOT = iphoneos;
				SWIFT_COMPILATION_MODE = wholemodule;
				SWIFT_OPTIMIZATION_LEVEL = "-O";
				VALIDATE_PRODUCT = YES;
			};
			name = Release;
		};
		534953962440AD9500B7F530 /* Debug */ = {
			isa = XCBuildConfiguration;
			buildSettings = {
				ASSETCATALOG_COMPILER_APPICON_NAME = AppIcon;
				CODE_SIGN_STYLE = Automatic;
				DEVELOPMENT_TEAM = KWBTKM2BDA;
				INFOPLIST_FILE = "Project 14/Info.plist";
				LD_RUNPATH_SEARCH_PATHS = (
					"$(inherited)",
					"@executable_path/Frameworks",
				);
				PRODUCT_BUNDLE_IDENTIFIER = "Terky.Project-14";
				PRODUCT_NAME = "$(TARGET_NAME)";
				SWIFT_VERSION = 5.0;
				TARGETED_DEVICE_FAMILY = 2;
			};
			name = Debug;
		};
		534953972440AD9500B7F530 /* Release */ = {
			isa = XCBuildConfiguration;
			buildSettings = {
				ASSETCATALOG_COMPILER_APPICON_NAME = AppIcon;
				CODE_SIGN_STYLE = Automatic;
				DEVELOPMENT_TEAM = KWBTKM2BDA;
				INFOPLIST_FILE = "Project 14/Info.plist";
				LD_RUNPATH_SEARCH_PATHS = (
					"$(inherited)",
					"@executable_path/Frameworks",
				);
				PRODUCT_BUNDLE_IDENTIFIER = "Terky.Project-14";
				PRODUCT_NAME = "$(TARGET_NAME)";
				SWIFT_VERSION = 5.0;
				TARGETED_DEVICE_FAMILY = 2;
			};
			name = Release;
		};
/* End XCBuildConfiguration section */

/* Begin XCConfigurationList section */
		534953782440AD9100B7F530 /* Build configuration list for PBXProject "Project 14" */ = {
			isa = XCConfigurationList;
			buildConfigurations = (
				534953932440AD9500B7F530 /* Debug */,
				534953942440AD9500B7F530 /* Release */,
			);
			defaultConfigurationIsVisible = 0;
			defaultConfigurationName = Release;
		};
		534953952440AD9500B7F530 /* Build configuration list for PBXNativeTarget "Project 14" */ = {
			isa = XCConfigurationList;
			buildConfigurations = (
				534953962440AD9500B7F530 /* Debug */,
				534953972440AD9500B7F530 /* Release */,
			);
			defaultConfigurationIsVisible = 0;
			defaultConfigurationName = Release;
		};
/* End XCConfigurationList section */
	};
	rootObject = 534953752440AD9100B7F530 /* Project object */;
}
