// !$*UTF8*$!
{
	archiveVersion = 1;
	classes = {
	};
	objectVersion = 50;
	objects = {

/* Begin PBXBuildFile section */
		538C5D92243B6A2D00B58610 /* Utils.swift in Sources */ = {isa = PBXBuildFile; fileRef = 538C5D91243B6A2D00B58610 /* Utils.swift */; };
		53F8D4E0243A191D008C9FD3 /* AppDelegate.swift in Sources */ = {isa = PBXBuildFile; fileRef = 53F8D4DF243A191D008C9FD3 /* AppDelegate.swift */; };
		53F8D4E2243A191D008C9FD3 /* SceneDelegate.swift in Sources */ = {isa = PBXBuildFile; fileRef = 53F8D4E1243A191D008C9FD3 /* SceneDelegate.swift */; };
		53F8D4E4243A191D008C9FD3 /* ViewController.swift in Sources */ = {isa = PBXBuildFile; fileRef = 53F8D4E3243A191D008C9FD3 /* ViewController.swift */; };
		53F8D4E7243A191D008C9FD3 /* Main.storyboard in Resources */ = {isa = PBXBuildFile; fileRef = 53F8D4E5243A191D008C9FD3 /* Main.storyboard */; };
		53F8D4E9243A1921008C9FD3 /* Assets.xcassets in Resources */ = {isa = PBXBuildFile; fileRef = 53F8D4E8243A1921008C9FD3 /* Assets.xcassets */; };
		53F8D4EC243A1921008C9FD3 /* LaunchScreen.storyboard in Resources */ = {isa = PBXBuildFile; fileRef = 53F8D4EA243A1921008C9FD3 /* LaunchScreen.storyboard */; };
		53F8D4F4243A1A07008C9FD3 /* DetailsViewController.swift in Sources */ = {isa = PBXBuildFile; fileRef = 53F8D4F3243A1A07008C9FD3 /* DetailsViewController.swift */; };
		53F8D4F6243A1A7A008C9FD3 /* Person.swift in Sources */ = {isa = PBXBuildFile; fileRef = 53F8D4F5243A1A7A008C9FD3 /* Person.swift */; };
/* End PBXBuildFile section */

/* Begin PBXFileReference section */
		538C5D91243B6A2D00B58610 /* Utils.swift */ = {isa = PBXFileReference; lastKnownFileType = sourcecode.swift; path = Utils.swift; sourceTree = "<group>"; };
		53F8D4DC243A191D008C9FD3 /* Names to Faces.app */ = {isa = PBXFileReference; explicitFileType = wrapper.application; includeInIndex = 0; path = "Names to Faces.app"; sourceTree = BUILT_PRODUCTS_DIR; };
		53F8D4DF243A191D008C9FD3 /* AppDelegate.swift */ = {isa = PBXFileReference; lastKnownFileType = sourcecode.swift; path = AppDelegate.swift; sourceTree = "<group>"; };
		53F8D4E1243A191D008C9FD3 /* SceneDelegate.swift */ = {isa = PBXFileReference; lastKnownFileType = sourcecode.swift; path = SceneDelegate.swift; sourceTree = "<group>"; };
		53F8D4E3243A191D008C9FD3 /* ViewController.swift */ = {isa = PBXFileReference; lastKnownFileType = sourcecode.swift; path = ViewController.swift; sourceTree = "<group>"; };
		53F8D4E6243A191D008C9FD3 /* Base */ = {isa = PBXFileReference; lastKnownFileType = file.storyboard; name = Base; path = Base.lproj/Main.storyboard; sourceTree = "<group>"; };
		53F8D4E8243A1921008C9FD3 /* Assets.xcassets */ = {isa = PBXFileReference; lastKnownFileType = folder.assetcatalog; path = Assets.xcassets; sourceTree = "<group>"; };
		53F8D4EB243A1921008C9FD3 /* Base */ = {isa = PBXFileReference; lastKnownFileType = file.storyboard; name = Base; path = Base.lproj/LaunchScreen.storyboard; sourceTree = "<group>"; };
		53F8D4ED243A1921008C9FD3 /* Info.plist */ = {isa = PBXFileReference; lastKnownFileType = text.plist.xml; path = Info.plist; sourceTree = "<group>"; };
		53F8D4F3243A1A07008C9FD3 /* DetailsViewController.swift */ = {isa = PBXFileReference; lastKnownFileType = sourcecode.swift; path = DetailsViewController.swift; sourceTree = "<group>"; };
		53F8D4F5243A1A7A008C9FD3 /* Person.swift */ = {isa = PBXFileReference; lastKnownFileType = sourcecode.swift; path = Person.swift; sourceTree = "<group>"; };
/* End PBXFileReference section */

/* Begin PBXFrameworksBuildPhase section */
		53F8D4D9243A191D008C9FD3 /* Frameworks */ = {
			isa = PBXFrameworksBuildPhase;
			buildActionMask = 2147483647;
			files = (
			);
			runOnlyForDeploymentPostprocessing = 0;
		};
/* End PBXFrameworksBuildPhase section */

/* Begin PBXGroup section */
		53F8D4D3243A191D008C9FD3 = {
			isa = PBXGroup;
			children = (
				53F8D4DE243A191D008C9FD3 /* Names to Faces */,
				53F8D4DD243A191D008C9FD3 /* Products */,
			);
			sourceTree = "<group>";
		};
		53F8D4DD243A191D008C9FD3 /* Products */ = {
			isa = PBXGroup;
			children = (
				53F8D4DC243A191D008C9FD3 /* Names to Faces.app */,
			);
			name = Products;
			sourceTree = "<group>";
		};
		53F8D4DE243A191D008C9FD3 /* Names to Faces */ = {
			isa = PBXGroup;
			children = (
				53F8D4F3243A1A07008C9FD3 /* DetailsViewController.swift */,
				538C5D91243B6A2D00B58610 /* Utils.swift */,
				53F8D4DF243A191D008C9FD3 /* AppDelegate.swift */,
				53F8D4E1243A191D008C9FD3 /* SceneDelegate.swift */,
				53F8D4E3243A191D008C9FD3 /* ViewController.swift */,
				53F8D4F5243A1A7A008C9FD3 /* Person.swift */,
				53F8D4E5243A191D008C9FD3 /* Main.storyboard */,
				53F8D4E8243A1921008C9FD3 /* Assets.xcassets */,
				53F8D4EA243A1921008C9FD3 /* LaunchScreen.storyboard */,
				53F8D4ED243A1921008C9FD3 /* Info.plist */,
			);
			path = "Names to Faces";
			sourceTree = "<group>";
		};
/* End PBXGroup section */

/* Begin PBXNativeTarget section */
		53F8D4DB243A191D008C9FD3 /* Names to Faces */ = {
			isa = PBXNativeTarget;
			buildConfigurationList = 53F8D4F0243A1921008C9FD3 /* Build configuration list for PBXNativeTarget "Names to Faces" */;
			buildPhases = (
				53F8D4D8243A191D008C9FD3 /* Sources */,
				53F8D4D9243A191D008C9FD3 /* Frameworks */,
				53F8D4DA243A191D008C9FD3 /* Resources */,
			);
			buildRules = (
			);
			dependencies = (
			);
			name = "Names to Faces";
			productName = "Names to Faces";
			productReference = 53F8D4DC243A191D008C9FD3 /* Names to Faces.app */;
			productType = "com.apple.product-type.application";
		};
/* End PBXNativeTarget section */

/* Begin PBXProject section */
		53F8D4D4243A191D008C9FD3 /* Project object */ = {
			isa = PBXProject;
			attributes = {
				LastSwiftUpdateCheck = 1140;
				LastUpgradeCheck = 1140;
				ORGANIZATIONNAME = "Артём Бурмистров";
				TargetAttributes = {
					53F8D4DB243A191D008C9FD3 = {
						CreatedOnToolsVersion = 11.4;
					};
				};
			};
			buildConfigurationList = 53F8D4D7243A191D008C9FD3 /* Build configuration list for PBXProject "Names to Faces" */;
			compatibilityVersion = "Xcode 9.3";
			developmentRegion = en;
			hasScannedForEncodings = 0;
			knownRegions = (
				en,
				Base,
			);
			mainGroup = 53F8D4D3243A191D008C9FD3;
			productRefGroup = 53F8D4DD243A191D008C9FD3 /* Products */;
			projectDirPath = "";
			projectRoot = "";
			targets = (
				53F8D4DB243A191D008C9FD3 /* Names to Faces */,
			);
		};
/* End PBXProject section */

/* Begin PBXResourcesBuildPhase section */
		53F8D4DA243A191D008C9FD3 /* Resources */ = {
			isa = PBXResourcesBuildPhase;
			buildActionMask = 2147483647;
			files = (
				53F8D4EC243A1921008C9FD3 /* LaunchScreen.storyboard in Resources */,
				53F8D4E9243A1921008C9FD3 /* Assets.xcassets in Resources */,
				53F8D4E7243A191D008C9FD3 /* Main.storyboard in Resources */,
			);
			runOnlyForDeploymentPostprocessing = 0;
		};
/* End PBXResourcesBuildPhase section */

/* Begin PBXSourcesBuildPhase section */
		53F8D4D8243A191D008C9FD3 /* Sources */ = {
			isa = PBXSourcesBuildPhase;
			buildActionMask = 2147483647;
			files = (
				53F8D4F6243A1A7A008C9FD3 /* Person.swift in Sources */,
				53F8D4E4243A191D008C9FD3 /* ViewController.swift in Sources */,
				53F8D4E0243A191D008C9FD3 /* AppDelegate.swift in Sources */,
				53F8D4E2243A191D008C9FD3 /* SceneDelegate.swift in Sources */,
				53F8D4F4243A1A07008C9FD3 /* DetailsViewController.swift in Sources */,
				538C5D92243B6A2D00B58610 /* Utils.swift in Sources */,
			);
			runOnlyForDeploymentPostprocessing = 0;
		};
/* End PBXSourcesBuildPhase section */

/* Begin PBXVariantGroup section */
		53F8D4E5243A191D008C9FD3 /* Main.storyboard */ = {
			isa = PBXVariantGroup;
			children = (
				53F8D4E6243A191D008C9FD3 /* Base */,
			);
			name = Main.storyboard;
			sourceTree = "<group>";
		};
		53F8D4EA243A1921008C9FD3 /* LaunchScreen.storyboard */ = {
			isa = PBXVariantGroup;
			children = (
				53F8D4EB243A1921008C9FD3 /* Base */,
			);
			name = LaunchScreen.storyboard;
			sourceTree = "<group>";
		};
/* End PBXVariantGroup section */

/* Begin XCBuildConfiguration section */
		53F8D4EE243A1921008C9FD3 /* Debug */ = {
			isa = XCBuildConfiguration;
			buildSettings = {
				ALWAYS_SEARCH_USER_PATHS = NO;
				CLANG_ANALYZER_NONNULL = YES;
				CLANG_ANALYZER_NUMBER_OBJECT_CONVERSION = YES_AGGRESSIVE;
				CLANG_CXX_LANGUAGE_STANDARD = "gnu++14";
				CLANG_CXX_LIBRARY = "libc++";
				CLANG_ENABLE_MODULES = YES;
				CLANG_ENABLE_OBJC_ARC = YES;
				CLANG_ENABLE_OBJC_WEAK = YES;
				CLANG_WARN_BLOCK_CAPTURE_AUTORELEASING = YES;
				CLANG_WARN_BOOL_CONVERSION = YES;
				CLANG_WARN_COMMA = YES;
				CLANG_WARN_CONSTANT_CONVERSION = YES;
				CLANG_WARN_DEPRECATED_OBJC_IMPLEMENTATIONS = YES;
				CLANG_WARN_DIRECT_OBJC_ISA_USAGE = YES_ERROR;
				CLANG_WARN_DOCUMENTATION_COMMENTS = YES;
				CLANG_WARN_EMPTY_BODY = YES;
				CLANG_WARN_ENUM_CONVERSION = YES;
				CLANG_WARN_INFINITE_RECURSION = YES;
				CLANG_WARN_INT_CONVERSION = YES;
				CLANG_WARN_NON_LITERAL_NULL_CONVERSION = YES;
				CLANG_WARN_OBJC_IMPLICIT_RETAIN_SELF = YES;
				CLANG_WARN_OBJC_LITERAL_CONVERSION = YES;
				CLANG_WARN_OBJC_ROOT_CLASS = YES_ERROR;
				CLANG_WARN_RANGE_LOOP_ANALYSIS = YES;
				CLANG_WARN_STRICT_PROTOTYPES = YES;
				CLANG_WARN_SUSPICIOUS_MOVE = YES;
				CLANG_WARN_UNGUARDED_AVAILABILITY = YES_AGGRESSIVE;
				CLANG_WARN_UNREACHABLE_CODE = YES;
				CLANG_WARN__DUPLICATE_METHOD_MATCH = YES;
				COPY_PHASE_STRIP = NO;
				DEBUG_INFORMATION_FORMAT = dwarf;
				ENABLE_STRICT_OBJC_MSGSEND = YES;
				ENABLE_TESTABILITY = YES;
				GCC_C_LANGUAGE_STANDARD = gnu11;
				GCC_DYNAMIC_NO_PIC = NO;
				GCC_NO_COMMON_BLOCKS = YES;
				GCC_OPTIMIZATION_LEVEL = 0;
				GCC_PREPROCESSOR_DEFINITIONS = (
					"DEBUG=1",
					"$(inherited)",
				);
				GCC_WARN_64_TO_32_BIT_CONVERSION = YES;
				GCC_WARN_ABOUT_RETURN_TYPE = YES_ERROR;
				GCC_WARN_UNDECLARED_SELECTOR = YES;
				GCC_WARN_UNINITIALIZED_AUTOS = YES_AGGRESSIVE;
				GCC_WARN_UNUSED_FUNCTION = YES;
				GCC_WARN_UNUSED_VARIABLE = YES;
				IPHONEOS_DEPLOYMENT_TARGET = 13.4;
				MTL_ENABLE_DEBUG_INFO = INCLUDE_SOURCE;
				MTL_FAST_MATH = YES;
				ONLY_ACTIVE_ARCH = YES;
				SDKROOT = iphoneos;
				SWIFT_ACTIVE_COMPILATION_CONDITIONS = DEBUG;
				SWIFT_OPTIMIZATION_LEVEL = "-Onone";
			};
			name = Debug;
		};
		53F8D4EF243A1921008C9FD3 /* Release */ = {
			isa = XCBuildConfiguration;
			buildSettings = {
				ALWAYS_SEARCH_USER_PATHS = NO;
				CLANG_ANALYZER_NONNULL = YES;
				CLANG_ANALYZER_NUMBER_OBJECT_CONVERSION = YES_AGGRESSIVE;
				CLANG_CXX_LANGUAGE_STANDARD = "gnu++14";
				CLANG_CXX_LIBRARY = "libc++";
				CLANG_ENABLE_MODULES = YES;
				CLANG_ENABLE_OBJC_ARC = YES;
				CLANG_ENABLE_OBJC_WEAK = YES;
				CLANG_WARN_BLOCK_CAPTURE_AUTORELEASING = YES;
				CLANG_WARN_BOOL_CONVERSION = YES;
				CLANG_WARN_COMMA = YES;
				CLANG_WARN_CONSTANT_CONVERSION = YES;
				CLANG_WARN_DEPRECATED_OBJC_IMPLEMENTATIONS = YES;
				CLANG_WARN_DIRECT_OBJC_ISA_USAGE = YES_ERROR;
				CLANG_WARN_DOCUMENTATION_COMMENTS = YES;
				CLANG_WARN_EMPTY_BODY = YES;
				CLANG_WARN_ENUM_CONVERSION = YES;
				CLANG_WARN_INFINITE_RECURSION = YES;
				CLANG_WARN_INT_CONVERSION = YES;
				CLANG_WARN_NON_LITERAL_NULL_CONVERSION = YES;
				CLANG_WARN_OBJC_IMPLICIT_RETAIN_SELF = YES;
				CLANG_WARN_OBJC_LITERAL_CONVERSION = YES;
				CLANG_WARN_OBJC_ROOT_CLASS = YES_ERROR;
				CLANG_WARN_RANGE_LOOP_ANALYSIS = YES;
				CLANG_WARN_STRICT_PROTOTYPES = YES;
				CLANG_WARN_SUSPICIOUS_MOVE = YES;
				CLANG_WARN_UNGUARDED_AVAILABILITY = YES_AGGRESSIVE;
				CLANG_WARN_UNREACHABLE_CODE = YES;
				CLANG_WARN__DUPLICATE_METHOD_MATCH = YES;
				COPY_PHASE_STRIP = NO;
				DEBUG_INFORMATION_FORMAT = "dwarf-with-dsym";
				ENABLE_NS_ASSERTIONS = NO;
				ENABLE_STRICT_OBJC_MSGSEND = YES;
				GCC_C_LANGUAGE_STANDARD = gnu11;
				GCC_NO_COMMON_BLOCKS = YES;
				GCC_WARN_64_TO_32_BIT_CONVERSION = YES;
				GCC_WARN_ABOUT_RETURN_TYPE = YES_ERROR;
				GCC_WARN_UNDECLARED_SELECTOR = YES;
				GCC_WARN_UNINITIALIZED_AUTOS = YES_AGGRESSIVE;
				GCC_WARN_UNUSED_FUNCTION = YES;
				GCC_WARN_UNUSED_VARIABLE = YES;
				IPHONEOS_DEPLOYMENT_TARGET = 13.4;
				MTL_ENABLE_DEBUG_INFO = NO;
				MTL_FAST_MATH = YES;
				SDKROOT = iphoneos;
				SWIFT_COMPILATION_MODE = wholemodule;
				SWIFT_OPTIMIZATION_LEVEL = "-O";
				VALIDATE_PRODUCT = YES;
			};
			name = Release;
		};
		53F8D4F1243A1921008C9FD3 /* Debug */ = {
			isa = XCBuildConfiguration;
			buildSettings = {
				ASSETCATALOG_COMPILER_APPICON_NAME = AppIcon;
				CODE_SIGN_STYLE = Automatic;
				DEVELOPMENT_TEAM = KWBTKM2BDA;
				INFOPLIST_FILE = "Names to Faces/Info.plist";
				LD_RUNPATH_SEARCH_PATHS = (
					"$(inherited)",
					"@executable_path/Frameworks",
				);
				PRODUCT_BUNDLE_IDENTIFIER = "Terky.Names-to-Faces";
				PRODUCT_NAME = "$(TARGET_NAME)";
				SWIFT_VERSION = 5.0;
				TARGETED_DEVICE_FAMILY = "1,2";
			};
			name = Debug;
		};
		53F8D4F2243A1921008C9FD3 /* Release */ = {
			isa = XCBuildConfiguration;
			buildSettings = {
				ASSETCATALOG_COMPILER_APPICON_NAME = AppIcon;
				CODE_SIGN_STYLE = Automatic;
				DEVELOPMENT_TEAM = KWBTKM2BDA;
				INFOPLIST_FILE = "Names to Faces/Info.plist";
				LD_RUNPATH_SEARCH_PATHS = (
					"$(inherited)",
					"@executable_path/Frameworks",
				);
				PRODUCT_BUNDLE_IDENTIFIER = "Terky.Names-to-Faces";
				PRODUCT_NAME = "$(TARGET_NAME)";
				SWIFT_VERSION = 5.0;
				TARGETED_DEVICE_FAMILY = "1,2";
			};
			name = Release;
		};
/* End XCBuildConfiguration section */

/* Begin XCConfigurationList section */
		53F8D4D7243A191D008C9FD3 /* Build configuration list for PBXProject "Names to Faces" */ = {
			isa = XCConfigurationList;
			buildConfigurations = (
				53F8D4EE243A1921008C9FD3 /* Debug */,
				53F8D4EF243A1921008C9FD3 /* Release */,
			);
			defaultConfigurationIsVisible = 0;
			defaultConfigurationName = Release;
		};
		53F8D4F0243A1921008C9FD3 /* Build configuration list for PBXNativeTarget "Names to Faces" */ = {
			isa = XCConfigurationList;
			buildConfigurations = (
				53F8D4F1243A1921008C9FD3 /* Debug */,
				53F8D4F2243A1921008C9FD3 /* Release */,
			);
			defaultConfigurationIsVisible = 0;
			defaultConfigurationName = Release;
		};
/* End XCConfigurationList section */
	};
	rootObject = 53F8D4D4243A191D008C9FD3 /* Project object */;
}
