// !$*UTF8*$!
{
	archiveVersion = 1;
	classes = {
	};
	objectVersion = 50;
	objects = {

/* Begin PBXBuildFile section */
		532559C224410CF600DF09CC /* Capital.swift in Sources */ = {isa = PBXBuildFile; fileRef = 532559C124410CF600DF09CC /* Capital.swift */; };
		53A05B422442589E00717B6A /* DetailViewController.swift in Sources */ = {isa = PBXBuildFile; fileRef = 53A05B412442589E00717B6A /* DetailViewController.swift */; };
		53A172D924410B0B0056D135 /* AppDelegate.swift in Sources */ = {isa = PBXBuildFile; fileRef = 53A172D824410B0B0056D135 /* AppDelegate.swift */; };
		53A172DB24410B0B0056D135 /* SceneDelegate.swift in Sources */ = {isa = PBXBuildFile; fileRef = 53A172DA24410B0B0056D135 /* SceneDelegate.swift */; };
		53A172DD24410B0B0056D135 /* ViewController.swift in Sources */ = {isa = PBXBuildFile; fileRef = 53A172DC24410B0B0056D135 /* ViewController.swift */; };
		53A172E024410B0B0056D135 /* Main.storyboard in Resources */ = {isa = PBXBuildFile; fileRef = 53A172DE24410B0B0056D135 /* Main.storyboard */; };
		53A172E224410B0E0056D135 /* Assets.xcassets in Resources */ = {isa = PBXBuildFile; fileRef = 53A172E124410B0E0056D135 /* Assets.xcassets */; };
		53A172E524410B0E0056D135 /* LaunchScreen.storyboard in Resources */ = {isa = PBXBuildFile; fileRef = 53A172E324410B0E0056D135 /* LaunchScreen.storyboard */; };
/* End PBXBuildFile section */

/* Begin PBXFileReference section */
		532559C124410CF600DF09CC /* Capital.swift */ = {isa = PBXFileReference; lastKnownFileType = sourcecode.swift; path = Capital.swift; sourceTree = "<group>"; };
		53A05B412442589E00717B6A /* DetailViewController.swift */ = {isa = PBXFileReference; lastKnownFileType = sourcecode.swift; path = DetailViewController.swift; sourceTree = "<group>"; };
		53A172D524410B0B0056D135 /* Project 16.app */ = {isa = PBXFileReference; explicitFileType = wrapper.application; includeInIndex = 0; path = "Project 16.app"; sourceTree = BUILT_PRODUCTS_DIR; };
		53A172D824410B0B0056D135 /* AppDelegate.swift */ = {isa = PBXFileReference; lastKnownFileType = sourcecode.swift; path = AppDelegate.swift; sourceTree = "<group>"; };
		53A172DA24410B0B0056D135 /* SceneDelegate.swift */ = {isa = PBXFileReference; lastKnownFileType = sourcecode.swift; path = SceneDelegate.swift; sourceTree = "<group>"; };
		53A172DC24410B0B0056D135 /* ViewController.swift */ = {isa = PBXFileReference; lastKnownFileType = sourcecode.swift; path = ViewController.swift; sourceTree = "<group>"; };
		53A172DF24410B0B0056D135 /* Base */ = {isa = PBXFileReference; lastKnownFileType = file.storyboard; name = Base; path = Base.lproj/Main.storyboard; sourceTree = "<group>"; };
		53A172E124410B0E0056D135 /* Assets.xcassets */ = {isa = PBXFileReference; lastKnownFileType = folder.assetcatalog; path = Assets.xcassets; sourceTree = "<group>"; };
		53A172E424410B0E0056D135 /* Base */ = {isa = PBXFileReference; lastKnownFileType = file.storyboard; name = Base; path = Base.lproj/LaunchScreen.storyboard; sourceTree = "<group>"; };
		53A172E624410B0E0056D135 /* Info.plist */ = {isa = PBXFileReference; lastKnownFileType = text.plist.xml; path = Info.plist; sourceTree = "<group>"; };
/* End PBXFileReference section */

/* Begin PBXFrameworksBuildPhase section */
		53A172D224410B0B0056D135 /* Frameworks */ = {
			isa = PBXFrameworksBuildPhase;
			buildActionMask = 2147483647;
			files = (
			);
			runOnlyForDeploymentPostprocessing = 0;
		};
/* End PBXFrameworksBuildPhase section */

/* Begin PBXGroup section */
		53A172CC24410B0B0056D135 = {
			isa = PBXGroup;
			children = (
				53A172D724410B0B0056D135 /* Project 16 */,
				53A172D624410B0B0056D135 /* Products */,
			);
			sourceTree = "<group>";
		};
		53A172D624410B0B0056D135 /* Products */ = {
			isa = PBXGroup;
			children = (
				53A172D524410B0B0056D135 /* Project 16.app */,
			);
			name = Products;
			sourceTree = "<group>";
		};
		53A172D724410B0B0056D135 /* Project 16 */ = {
			isa = PBXGroup;
			children = (
				53A172D824410B0B0056D135 /* AppDelegate.swift */,
				53A172DA24410B0B0056D135 /* SceneDelegate.swift */,
				53A172DC24410B0B0056D135 /* ViewController.swift */,
				53A05B412442589E00717B6A /* DetailViewController.swift */,
				532559C124410CF600DF09CC /* Capital.swift */,
				53A172DE24410B0B0056D135 /* Main.storyboard */,
				53A172E124410B0E0056D135 /* Assets.xcassets */,
				53A172E324410B0E0056D135 /* LaunchScreen.storyboard */,
				53A172E624410B0E0056D135 /* Info.plist */,
			);
			path = "Project 16";
			sourceTree = "<group>";
		};
/* End PBXGroup section */

/* Begin PBXNativeTarget section */
		53A172D424410B0B0056D135 /* Project 16 */ = {
			isa = PBXNativeTarget;
			buildConfigurationList = 53A172E924410B0E0056D135 /* Build configuration list for PBXNativeTarget "Project 16" */;
			buildPhases = (
				53A172D124410B0B0056D135 /* Sources */,
				53A172D224410B0B0056D135 /* Frameworks */,
				53A172D324410B0B0056D135 /* Resources */,
			);
			buildRules = (
			);
			dependencies = (
			);
			name = "Project 16";
			productName = "Project 16";
			productReference = 53A172D524410B0B0056D135 /* Project 16.app */;
			productType = "com.apple.product-type.application";
		};
/* End PBXNativeTarget section */

/* Begin PBXProject section */
		53A172CD24410B0B0056D135 /* Project object */ = {
			isa = PBXProject;
			attributes = {
				LastSwiftUpdateCheck = 1140;
				LastUpgradeCheck = 1140;
				ORGANIZATIONNAME = "Артём Бурмистров";
				TargetAttributes = {
					53A172D424410B0B0056D135 = {
						CreatedOnToolsVersion = 11.4;
					};
				};
			};
			buildConfigurationList = 53A172D024410B0B0056D135 /* Build configuration list for PBXProject "Project 16" */;
			compatibilityVersion = "Xcode 9.3";
			developmentRegion = en;
			hasScannedForEncodings = 0;
			knownRegions = (
				en,
				Base,
			);
			mainGroup = 53A172CC24410B0B0056D135;
			productRefGroup = 53A172D624410B0B0056D135 /* Products */;
			projectDirPath = "";
			projectRoot = "";
			targets = (
				53A172D424410B0B0056D135 /* Project 16 */,
			);
		};
/* End PBXProject section */

/* Begin PBXResourcesBuildPhase section */
		53A172D324410B0B0056D135 /* Resources */ = {
			isa = PBXResourcesBuildPhase;
			buildActionMask = 2147483647;
			files = (
				53A172E524410B0E0056D135 /* LaunchScreen.storyboard in Resources */,
				53A172E224410B0E0056D135 /* Assets.xcassets in Resources */,
				53A172E024410B0B0056D135 /* Main.storyboard in Resources */,
			);
			runOnlyForDeploymentPostprocessing = 0;
		};
/* End PBXResourcesBuildPhase section */

/* Begin PBXSourcesBuildPhase section */
		53A172D124410B0B0056D135 /* Sources */ = {
			isa = PBXSourcesBuildPhase;
			buildActionMask = 2147483647;
			files = (
				53A172DD24410B0B0056D135 /* ViewController.swift in Sources */,
				53A172D924410B0B0056D135 /* AppDelegate.swift in Sources */,
				53A05B422442589E00717B6A /* DetailViewController.swift in Sources */,
				532559C224410CF600DF09CC /* Capital.swift in Sources */,
				53A172DB24410B0B0056D135 /* SceneDelegate.swift in Sources */,
			);
			runOnlyForDeploymentPostprocessing = 0;
		};
/* End PBXSourcesBuildPhase section */

/* Begin PBXVariantGroup section */
		53A172DE24410B0B0056D135 /* Main.storyboard */ = {
			isa = PBXVariantGroup;
			children = (
				53A172DF24410B0B0056D135 /* Base */,
			);
			name = Main.storyboard;
			sourceTree = "<group>";
		};
		53A172E324410B0E0056D135 /* LaunchScreen.storyboard */ = {
			isa = PBXVariantGroup;
			children = (
				53A172E424410B0E0056D135 /* Base */,
			);
			name = LaunchScreen.storyboard;
			sourceTree = "<group>";
		};
/* End PBXVariantGroup section */

/* Begin XCBuildConfiguration section */
		53A172E724410B0E0056D135 /* Debug */ = {
			isa = XCBuildConfiguration;
			buildSettings = {
				ALWAYS_SEARCH_USER_PATHS = NO;
				CLANG_ANALYZER_NONNULL = YES;
				CLANG_ANALYZER_NUMBER_OBJECT_CONVERSION = YES_AGGRESSIVE;
				CLANG_CXX_LANGUAGE_STANDARD = "gnu++14";
				CLANG_CXX_LIBRARY = "libc++";
				CLANG_ENABLE_MODULES = YES;
				CLANG_ENABLE_OBJC_ARC = YES;
				CLANG_ENABLE_OBJC_WEAK = YES;
				CLANG_WARN_BLOCK_CAPTURE_AUTORELEASING = YES;
				CLANG_WARN_BOOL_CONVERSION = YES;
				CLANG_WARN_COMMA = YES;
				CLANG_WARN_CONSTANT_CONVERSION = YES;
				CLANG_WARN_DEPRECATED_OBJC_IMPLEMENTATIONS = YES;
				CLANG_WARN_DIRECT_OBJC_ISA_USAGE = YES_ERROR;
				CLANG_WARN_DOCUMENTATION_COMMENTS = YES;
				CLANG_WARN_EMPTY_BODY = YES;
				CLANG_WARN_ENUM_CONVERSION = YES;
				CLANG_WARN_INFINITE_RECURSION = YES;
				CLANG_WARN_INT_CONVERSION = YES;
				CLANG_WARN_NON_LITERAL_NULL_CONVERSION = YES;
				CLANG_WARN_OBJC_IMPLICIT_RETAIN_SELF = YES;
				CLANG_WARN_OBJC_LITERAL_CONVERSION = YES;
				CLANG_WARN_OBJC_ROOT_CLASS = YES_ERROR;
				CLANG_WARN_RANGE_LOOP_ANALYSIS = YES;
				CLANG_WARN_STRICT_PROTOTYPES = YES;
				CLANG_WARN_SUSPICIOUS_MOVE = YES;
				CLANG_WARN_UNGUARDED_AVAILABILITY = YES_AGGRESSIVE;
				CLANG_WARN_UNREACHABLE_CODE = YES;
				CLANG_WARN__DUPLICATE_METHOD_MATCH = YES;
				COPY_PHASE_STRIP = NO;
				DEBUG_INFORMATION_FORMAT = dwarf;
				ENABLE_STRICT_OBJC_MSGSEND = YES;
				ENABLE_TESTABILITY = YES;
				GCC_C_LANGUAGE_STANDARD = gnu11;
				GCC_DYNAMIC_NO_PIC = NO;
				GCC_NO_COMMON_BLOCKS = YES;
				GCC_OPTIMIZATION_LEVEL = 0;
				GCC_PREPROCESSOR_DEFINITIONS = (
					"DEBUG=1",
					"$(inherited)",
				);
				GCC_WARN_64_TO_32_BIT_CONVERSION = YES;
				GCC_WARN_ABOUT_RETURN_TYPE = YES_ERROR;
				GCC_WARN_UNDECLARED_SELECTOR = YES;
				GCC_WARN_UNINITIALIZED_AUTOS = YES_AGGRESSIVE;
				GCC_WARN_UNUSED_FUNCTION = YES;
				GCC_WARN_UNUSED_VARIABLE = YES;
				IPHONEOS_DEPLOYMENT_TARGET = 13.4;
				MTL_ENABLE_DEBUG_INFO = INCLUDE_SOURCE;
				MTL_FAST_MATH = YES;
				ONLY_ACTIVE_ARCH = YES;
				SDKROOT = iphoneos;
				SWIFT_ACTIVE_COMPILATION_CONDITIONS = DEBUG;
				SWIFT_OPTIMIZATION_LEVEL = "-Onone";
			};
			name = Debug;
		};
		53A172E824410B0E0056D135 /* Release */ = {
			isa = XCBuildConfiguration;
			buildSettings = {
				ALWAYS_SEARCH_USER_PATHS = NO;
				CLANG_ANALYZER_NONNULL = YES;
				CLANG_ANALYZER_NUMBER_OBJECT_CONVERSION = YES_AGGRESSIVE;
				CLANG_CXX_LANGUAGE_STANDARD = "gnu++14";
				CLANG_CXX_LIBRARY = "libc++";
				CLANG_ENABLE_MODULES = YES;
				CLANG_ENABLE_OBJC_ARC = YES;
				CLANG_ENABLE_OBJC_WEAK = YES;
				CLANG_WARN_BLOCK_CAPTURE_AUTORELEASING = YES;
				CLANG_WARN_BOOL_CONVERSION = YES;
				CLANG_WARN_COMMA = YES;
				CLANG_WARN_CONSTANT_CONVERSION = YES;
				CLANG_WARN_DEPRECATED_OBJC_IMPLEMENTATIONS = YES;
				CLANG_WARN_DIRECT_OBJC_ISA_USAGE = YES_ERROR;
				CLANG_WARN_DOCUMENTATION_COMMENTS = YES;
				CLANG_WARN_EMPTY_BODY = YES;
				CLANG_WARN_ENUM_CONVERSION = YES;
				CLANG_WARN_INFINITE_RECURSION = YES;
				CLANG_WARN_INT_CONVERSION = YES;
				CLANG_WARN_NON_LITERAL_NULL_CONVERSION = YES;
				CLANG_WARN_OBJC_IMPLICIT_RETAIN_SELF = YES;
				CLANG_WARN_OBJC_LITERAL_CONVERSION = YES;
				CLANG_WARN_OBJC_ROOT_CLASS = YES_ERROR;
				CLANG_WARN_RANGE_LOOP_ANALYSIS = YES;
				CLANG_WARN_STRICT_PROTOTYPES = YES;
				CLANG_WARN_SUSPICIOUS_MOVE = YES;
				CLANG_WARN_UNGUARDED_AVAILABILITY = YES_AGGRESSIVE;
				CLANG_WARN_UNREACHABLE_CODE = YES;
				CLANG_WARN__DUPLICATE_METHOD_MATCH = YES;
				COPY_PHASE_STRIP = NO;
				DEBUG_INFORMATION_FORMAT = "dwarf-with-dsym";
				ENABLE_NS_ASSERTIONS = NO;
				ENABLE_STRICT_OBJC_MSGSEND = YES;
				GCC_C_LANGUAGE_STANDARD = gnu11;
				GCC_NO_COMMON_BLOCKS = YES;
				GCC_WARN_64_TO_32_BIT_CONVERSION = YES;
				GCC_WARN_ABOUT_RETURN_TYPE = YES_ERROR;
				GCC_WARN_UNDECLARED_SELECTOR = YES;
				GCC_WARN_UNINITIALIZED_AUTOS = YES_AGGRESSIVE;
				GCC_WARN_UNUSED_FUNCTION = YES;
				GCC_WARN_UNUSED_VARIABLE = YES;
				IPHONEOS_DEPLOYMENT_TARGET = 13.4;
				MTL_ENABLE_DEBUG_INFO = NO;
				MTL_FAST_MATH = YES;
				SDKROOT = iphoneos;
				SWIFT_COMPILATION_MODE = wholemodule;
				SWIFT_OPTIMIZATION_LEVEL = "-O";
				VALIDATE_PRODUCT = YES;
			};
			name = Release;
		};
		53A172EA24410B0E0056D135 /* Debug */ = {
			isa = XCBuildConfiguration;
			buildSettings = {
				ASSETCATALOG_COMPILER_APPICON_NAME = AppIcon;
				CODE_SIGN_STYLE = Automatic;
				DEVELOPMENT_TEAM = KWBTKM2BDA;
				INFOPLIST_FILE = "Project 16/Info.plist";
				LD_RUNPATH_SEARCH_PATHS = (
					"$(inherited)",
					"@executable_path/Frameworks",
				);
				PRODUCT_BUNDLE_IDENTIFIER = "Terky.Project-16";
				PRODUCT_NAME = "$(TARGET_NAME)";
				SWIFT_VERSION = 5.0;
				TARGETED_DEVICE_FAMILY = "1,2";
			};
			name = Debug;
		};
		53A172EB24410B0E0056D135 /* Release */ = {
			isa = XCBuildConfiguration;
			buildSettings = {
				ASSETCATALOG_COMPILER_APPICON_NAME = AppIcon;
				CODE_SIGN_STYLE = Automatic;
				DEVELOPMENT_TEAM = KWBTKM2BDA;
				INFOPLIST_FILE = "Project 16/Info.plist";
				LD_RUNPATH_SEARCH_PATHS = (
					"$(inherited)",
					"@executable_path/Frameworks",
				);
				PRODUCT_BUNDLE_IDENTIFIER = "Terky.Project-16";
				PRODUCT_NAME = "$(TARGET_NAME)";
				SWIFT_VERSION = 5.0;
				TARGETED_DEVICE_FAMILY = "1,2";
			};
			name = Release;
		};
/* End XCBuildConfiguration section */

/* Begin XCConfigurationList section */
		53A172D024410B0B0056D135 /* Build configuration list for PBXProject "Project 16" */ = {
			isa = XCConfigurationList;
			buildConfigurations = (
				53A172E724410B0E0056D135 /* Debug */,
				53A172E824410B0E0056D135 /* Release */,
			);
			defaultConfigurationIsVisible = 0;
			defaultConfigurationName = Release;
		};
		53A172E924410B0E0056D135 /* Build configuration list for PBXNativeTarget "Project 16" */ = {
			isa = XCConfigurationList;
			buildConfigurations = (
				53A172EA24410B0E0056D135 /* Debug */,
				53A172EB24410B0E0056D135 /* Release */,
			);
			defaultConfigurationIsVisible = 0;
			defaultConfigurationName = Release;
		};
/* End XCConfigurationList section */
	};
	rootObject = 53A172CD24410B0B0056D135 /* Project object */;
}
