// !$*UTF8*$!
{
	archiveVersion = 1;
	classes = {
	};
	objectVersion = 50;
	objects = {

/* Begin PBXBuildFile section */
		5313D73323F8713300F8A7CE /* WebsitesTableViewController.swift in Sources */ = {isa = PBXBuildFile; fileRef = 5313D73223F8713300F8A7CE /* WebsitesTableViewController.swift */; };
		5313D73523F8716500F8A7CE /* ThrustedWebsites.swift in Sources */ = {isa = PBXBuildFile; fileRef = 5313D73423F8716500F8A7CE /* ThrustedWebsites.swift */; };
		536CD3C623F5A0DC005AFFD2 /* AppDelegate.swift in Sources */ = {isa = PBXBuildFile; fileRef = 536CD3C523F5A0DC005AFFD2 /* AppDelegate.swift */; };
		536CD3C823F5A0DC005AFFD2 /* SceneDelegate.swift in Sources */ = {isa = PBXBuildFile; fileRef = 536CD3C723F5A0DC005AFFD2 /* SceneDelegate.swift */; };
		536CD3CA23F5A0DC005AFFD2 /* ViewController.swift in Sources */ = {isa = PBXBuildFile; fileRef = 536CD3C923F5A0DC005AFFD2 /* ViewController.swift */; };
		536CD3CD23F5A0DC005AFFD2 /* Main.storyboard in Resources */ = {isa = PBXBuildFile; fileRef = 536CD3CB23F5A0DC005AFFD2 /* Main.storyboard */; };
		536CD3CF23F5A0E1005AFFD2 /* Assets.xcassets in Resources */ = {isa = PBXBuildFile; fileRef = 536CD3CE23F5A0E1005AFFD2 /* Assets.xcassets */; };
		536CD3D223F5A0E1005AFFD2 /* LaunchScreen.storyboard in Resources */ = {isa = PBXBuildFile; fileRef = 536CD3D023F5A0E1005AFFD2 /* LaunchScreen.storyboard */; };
/* End PBXBuildFile section */

/* Begin PBXFileReference section */
		5313D73223F8713300F8A7CE /* WebsitesTableViewController.swift */ = {isa = PBXFileReference; lastKnownFileType = sourcecode.swift; path = WebsitesTableViewController.swift; sourceTree = "<group>"; };
		5313D73423F8716500F8A7CE /* ThrustedWebsites.swift */ = {isa = PBXFileReference; lastKnownFileType = sourcecode.swift; path = ThrustedWebsites.swift; sourceTree = "<group>"; };
		536CD3C223F5A0DC005AFFD2 /* Project 3.app */ = {isa = PBXFileReference; explicitFileType = wrapper.application; includeInIndex = 0; path = "Project 3.app"; sourceTree = BUILT_PRODUCTS_DIR; };
		536CD3C523F5A0DC005AFFD2 /* AppDelegate.swift */ = {isa = PBXFileReference; lastKnownFileType = sourcecode.swift; path = AppDelegate.swift; sourceTree = "<group>"; };
		536CD3C723F5A0DC005AFFD2 /* SceneDelegate.swift */ = {isa = PBXFileReference; lastKnownFileType = sourcecode.swift; path = SceneDelegate.swift; sourceTree = "<group>"; };
		536CD3C923F5A0DC005AFFD2 /* ViewController.swift */ = {isa = PBXFileReference; lastKnownFileType = sourcecode.swift; path = ViewController.swift; sourceTree = "<group>"; };
		536CD3CC23F5A0DC005AFFD2 /* Base */ = {isa = PBXFileReference; lastKnownFileType = file.storyboard; name = Base; path = Base.lproj/Main.storyboard; sourceTree = "<group>"; };
		536CD3CE23F5A0E1005AFFD2 /* Assets.xcassets */ = {isa = PBXFileReference; lastKnownFileType = folder.assetcatalog; path = Assets.xcassets; sourceTree = "<group>"; };
		536CD3D123F5A0E1005AFFD2 /* Base */ = {isa = PBXFileReference; lastKnownFileType = file.storyboard; name = Base; path = Base.lproj/LaunchScreen.storyboard; sourceTree = "<group>"; };
		536CD3D323F5A0E1005AFFD2 /* Info.plist */ = {isa = PBXFileReference; lastKnownFileType = text.plist.xml; path = Info.plist; sourceTree = "<group>"; };
/* End PBXFileReference section */

/* Begin PBXFrameworksBuildPhase section */
		536CD3BF23F5A0DC005AFFD2 /* Frameworks */ = {
			isa = PBXFrameworksBuildPhase;
			buildActionMask = 2147483647;
			files = (
			);
			runOnlyForDeploymentPostprocessing = 0;
		};
/* End PBXFrameworksBuildPhase section */

/* Begin PBXGroup section */
		536CD3B923F5A0DC005AFFD2 = {
			isa = PBXGroup;
			children = (
				536CD3C423F5A0DC005AFFD2 /* Project 3 */,
				536CD3C323F5A0DC005AFFD2 /* Products */,
			);
			sourceTree = "<group>";
		};
		536CD3C323F5A0DC005AFFD2 /* Products */ = {
			isa = PBXGroup;
			children = (
				536CD3C223F5A0DC005AFFD2 /* Project 3.app */,
			);
			name = Products;
			sourceTree = "<group>";
		};
		536CD3C423F5A0DC005AFFD2 /* Project 3 */ = {
			isa = PBXGroup;
			children = (
				536CD3D923F5A122005AFFD2 /* Supporting Files */,
				536CD3C923F5A0DC005AFFD2 /* ViewController.swift */,
				536CD3CB23F5A0DC005AFFD2 /* Main.storyboard */,
				5313D73223F8713300F8A7CE /* WebsitesTableViewController.swift */,
				5313D73423F8716500F8A7CE /* ThrustedWebsites.swift */,
				536CD3D323F5A0E1005AFFD2 /* Info.plist */,
			);
			path = "Project 3";
			sourceTree = "<group>";
		};
		536CD3D923F5A122005AFFD2 /* Supporting Files */ = {
			isa = PBXGroup;
			children = (
				536CD3C523F5A0DC005AFFD2 /* AppDelegate.swift */,
				536CD3C723F5A0DC005AFFD2 /* SceneDelegate.swift */,
				536CD3CE23F5A0E1005AFFD2 /* Assets.xcassets */,
				536CD3D023F5A0E1005AFFD2 /* LaunchScreen.storyboard */,
			);
			path = "Supporting Files";
			sourceTree = "<group>";
		};
/* End PBXGroup section */

/* Begin PBXNativeTarget section */
		536CD3C123F5A0DC005AFFD2 /* Project 3 */ = {
			isa = PBXNativeTarget;
			buildConfigurationList = 536CD3D623F5A0E1005AFFD2 /* Build configuration list for PBXNativeTarget "Project 3" */;
			buildPhases = (
				536CD3BE23F5A0DC005AFFD2 /* Sources */,
				536CD3BF23F5A0DC005AFFD2 /* Frameworks */,
				536CD3C023F5A0DC005AFFD2 /* Resources */,
			);
			buildRules = (
			);
			dependencies = (
			);
			name = "Project 3";
			productName = "Project 3";
			productReference = 536CD3C223F5A0DC005AFFD2 /* Project 3.app */;
			productType = "com.apple.product-type.application";
		};
/* End PBXNativeTarget section */

/* Begin PBXProject section */
		536CD3BA23F5A0DC005AFFD2 /* Project object */ = {
			isa = PBXProject;
			attributes = {
				LastSwiftUpdateCheck = 1130;
				LastUpgradeCheck = 1130;
				ORGANIZATIONNAME = "Артём Бурмистров";
				TargetAttributes = {
					536CD3C123F5A0DC005AFFD2 = {
						CreatedOnToolsVersion = 11.3.1;
					};
				};
			};
			buildConfigurationList = 536CD3BD23F5A0DC005AFFD2 /* Build configuration list for PBXProject "Project 3" */;
			compatibilityVersion = "Xcode 9.3";
			developmentRegion = en;
			hasScannedForEncodings = 0;
			knownRegions = (
				en,
				Base,
			);
			mainGroup = 536CD3B923F5A0DC005AFFD2;
			productRefGroup = 536CD3C323F5A0DC005AFFD2 /* Products */;
			projectDirPath = "";
			projectRoot = "";
			targets = (
				536CD3C123F5A0DC005AFFD2 /* Project 3 */,
			);
		};
/* End PBXProject section */

/* Begin PBXResourcesBuildPhase section */
		536CD3C023F5A0DC005AFFD2 /* Resources */ = {
			isa = PBXResourcesBuildPhase;
			buildActionMask = 2147483647;
			files = (
				536CD3D223F5A0E1005AFFD2 /* LaunchScreen.storyboard in Resources */,
				536CD3CF23F5A0E1005AFFD2 /* Assets.xcassets in Resources */,
				536CD3CD23F5A0DC005AFFD2 /* Main.storyboard in Resources */,
			);
			runOnlyForDeploymentPostprocessing = 0;
		};
/* End PBXResourcesBuildPhase section */

/* Begin PBXSourcesBuildPhase section */
		536CD3BE23F5A0DC005AFFD2 /* Sources */ = {
			isa = PBXSourcesBuildPhase;
			buildActionMask = 2147483647;
			files = (
				536CD3CA23F5A0DC005AFFD2 /* ViewController.swift in Sources */,
				536CD3C623F5A0DC005AFFD2 /* AppDelegate.swift in Sources */,
				536CD3C823F5A0DC005AFFD2 /* SceneDelegate.swift in Sources */,
				5313D73323F8713300F8A7CE /* WebsitesTableViewController.swift in Sources */,
				5313D73523F8716500F8A7CE /* ThrustedWebsites.swift in Sources */,
			);
			runOnlyForDeploymentPostprocessing = 0;
		};
/* End PBXSourcesBuildPhase section */

/* Begin PBXVariantGroup section */
		536CD3CB23F5A0DC005AFFD2 /* Main.storyboard */ = {
			isa = PBXVariantGroup;
			children = (
				536CD3CC23F5A0DC005AFFD2 /* Base */,
			);
			name = Main.storyboard;
			sourceTree = "<group>";
		};
		536CD3D023F5A0E1005AFFD2 /* LaunchScreen.storyboard */ = {
			isa = PBXVariantGroup;
			children = (
				536CD3D123F5A0E1005AFFD2 /* Base */,
			);
			name = LaunchScreen.storyboard;
			sourceTree = "<group>";
		};
/* End PBXVariantGroup section */

/* Begin XCBuildConfiguration section */
		536CD3D423F5A0E1005AFFD2 /* Debug */ = {
			isa = XCBuildConfiguration;
			buildSettings = {
				ALWAYS_SEARCH_USER_PATHS = NO;
				CLANG_ANALYZER_NONNULL = YES;
				CLANG_ANALYZER_NUMBER_OBJECT_CONVERSION = YES_AGGRESSIVE;
				CLANG_CXX_LANGUAGE_STANDARD = "gnu++14";
				CLANG_CXX_LIBRARY = "libc++";
				CLANG_ENABLE_MODULES = YES;
				CLANG_ENABLE_OBJC_ARC = YES;
				CLANG_ENABLE_OBJC_WEAK = YES;
				CLANG_WARN_BLOCK_CAPTURE_AUTORELEASING = YES;
				CLANG_WARN_BOOL_CONVERSION = YES;
				CLANG_WARN_COMMA = YES;
				CLANG_WARN_CONSTANT_CONVERSION = YES;
				CLANG_WARN_DEPRECATED_OBJC_IMPLEMENTATIONS = YES;
				CLANG_WARN_DIRECT_OBJC_ISA_USAGE = YES_ERROR;
				CLANG_WARN_DOCUMENTATION_COMMENTS = YES;
				CLANG_WARN_EMPTY_BODY = YES;
				CLANG_WARN_ENUM_CONVERSION = YES;
				CLANG_WARN_INFINITE_RECURSION = YES;
				CLANG_WARN_INT_CONVERSION = YES;
				CLANG_WARN_NON_LITERAL_NULL_CONVERSION = YES;
				CLANG_WARN_OBJC_IMPLICIT_RETAIN_SELF = YES;
				CLANG_WARN_OBJC_LITERAL_CONVERSION = YES;
				CLANG_WARN_OBJC_ROOT_CLASS = YES_ERROR;
				CLANG_WARN_RANGE_LOOP_ANALYSIS = YES;
				CLANG_WARN_STRICT_PROTOTYPES = YES;
				CLANG_WARN_SUSPICIOUS_MOVE = YES;
				CLANG_WARN_UNGUARDED_AVAILABILITY = YES_AGGRESSIVE;
				CLANG_WARN_UNREACHABLE_CODE = YES;
				CLANG_WARN__DUPLICATE_METHOD_MATCH = YES;
				COPY_PHASE_STRIP = NO;
				DEBUG_INFORMATION_FORMAT = dwarf;
				ENABLE_STRICT_OBJC_MSGSEND = YES;
				ENABLE_TESTABILITY = YES;
				GCC_C_LANGUAGE_STANDARD = gnu11;
				GCC_DYNAMIC_NO_PIC = NO;
				GCC_NO_COMMON_BLOCKS = YES;
				GCC_OPTIMIZATION_LEVEL = 0;
				GCC_PREPROCESSOR_DEFINITIONS = (
					"DEBUG=1",
					"$(inherited)",
				);
				GCC_WARN_64_TO_32_BIT_CONVERSION = YES;
				GCC_WARN_ABOUT_RETURN_TYPE = YES_ERROR;
				GCC_WARN_UNDECLARED_SELECTOR = YES;
				GCC_WARN_UNINITIALIZED_AUTOS = YES_AGGRESSIVE;
				GCC_WARN_UNUSED_FUNCTION = YES;
				GCC_WARN_UNUSED_VARIABLE = YES;
				IPHONEOS_DEPLOYMENT_TARGET = 13.2;
				MTL_ENABLE_DEBUG_INFO = INCLUDE_SOURCE;
				MTL_FAST_MATH = YES;
				ONLY_ACTIVE_ARCH = YES;
				SDKROOT = iphoneos;
				SWIFT_ACTIVE_COMPILATION_CONDITIONS = DEBUG;
				SWIFT_OPTIMIZATION_LEVEL = "-Onone";
			};
			name = Debug;
		};
		536CD3D523F5A0E1005AFFD2 /* Release */ = {
			isa = XCBuildConfiguration;
			buildSettings = {
				ALWAYS_SEARCH_USER_PATHS = NO;
				CLANG_ANALYZER_NONNULL = YES;
				CLANG_ANALYZER_NUMBER_OBJECT_CONVERSION = YES_AGGRESSIVE;
				CLANG_CXX_LANGUAGE_STANDARD = "gnu++14";
				CLANG_CXX_LIBRARY = "libc++";
				CLANG_ENABLE_MODULES = YES;
				CLANG_ENABLE_OBJC_ARC = YES;
				CLANG_ENABLE_OBJC_WEAK = YES;
				CLANG_WARN_BLOCK_CAPTURE_AUTORELEASING = YES;
				CLANG_WARN_BOOL_CONVERSION = YES;
				CLANG_WARN_COMMA = YES;
				CLANG_WARN_CONSTANT_CONVERSION = YES;
				CLANG_WARN_DEPRECATED_OBJC_IMPLEMENTATIONS = YES;
				CLANG_WARN_DIRECT_OBJC_ISA_USAGE = YES_ERROR;
				CLANG_WARN_DOCUMENTATION_COMMENTS = YES;
				CLANG_WARN_EMPTY_BODY = YES;
				CLANG_WARN_ENUM_CONVERSION = YES;
				CLANG_WARN_INFINITE_RECURSION = YES;
				CLANG_WARN_INT_CONVERSION = YES;
				CLANG_WARN_NON_LITERAL_NULL_CONVERSION = YES;
				CLANG_WARN_OBJC_IMPLICIT_RETAIN_SELF = YES;
				CLANG_WARN_OBJC_LITERAL_CONVERSION = YES;
				CLANG_WARN_OBJC_ROOT_CLASS = YES_ERROR;
				CLANG_WARN_RANGE_LOOP_ANALYSIS = YES;
				CLANG_WARN_STRICT_PROTOTYPES = YES;
				CLANG_WARN_SUSPICIOUS_MOVE = YES;
				CLANG_WARN_UNGUARDED_AVAILABILITY = YES_AGGRESSIVE;
				CLANG_WARN_UNREACHABLE_CODE = YES;
				CLANG_WARN__DUPLICATE_METHOD_MATCH = YES;
				COPY_PHASE_STRIP = NO;
				DEBUG_INFORMATION_FORMAT = "dwarf-with-dsym";
				ENABLE_NS_ASSERTIONS = NO;
				ENABLE_STRICT_OBJC_MSGSEND = YES;
				GCC_C_LANGUAGE_STANDARD = gnu11;
				GCC_NO_COMMON_BLOCKS = YES;
				GCC_WARN_64_TO_32_BIT_CONVERSION = YES;
				GCC_WARN_ABOUT_RETURN_TYPE = YES_ERROR;
				GCC_WARN_UNDECLARED_SELECTOR = YES;
				GCC_WARN_UNINITIALIZED_AUTOS = YES_AGGRESSIVE;
				GCC_WARN_UNUSED_FUNCTION = YES;
				GCC_WARN_UNUSED_VARIABLE = YES;
				IPHONEOS_DEPLOYMENT_TARGET = 13.2;
				MTL_ENABLE_DEBUG_INFO = NO;
				MTL_FAST_MATH = YES;
				SDKROOT = iphoneos;
				SWIFT_COMPILATION_MODE = wholemodule;
				SWIFT_OPTIMIZATION_LEVEL = "-O";
				VALIDATE_PRODUCT = YES;
			};
			name = Release;
		};
		536CD3D723F5A0E1005AFFD2 /* Debug */ = {
			isa = XCBuildConfiguration;
			buildSettings = {
				ASSETCATALOG_COMPILER_APPICON_NAME = AppIcon;
				CODE_SIGN_STYLE = Automatic;
				DEVELOPMENT_TEAM = KWBTKM2BDA;
				INFOPLIST_FILE = "Project 3/Info.plist";
				LD_RUNPATH_SEARCH_PATHS = (
					"$(inherited)",
					"@executable_path/Frameworks",
				);
				PRODUCT_BUNDLE_IDENTIFIER = "Terky.Project-3";
				PRODUCT_NAME = "$(TARGET_NAME)";
				SWIFT_VERSION = 5.0;
				TARGETED_DEVICE_FAMILY = "1,2";
			};
			name = Debug;
		};
		536CD3D823F5A0E1005AFFD2 /* Release */ = {
			isa = XCBuildConfiguration;
			buildSettings = {
				ASSETCATALOG_COMPILER_APPICON_NAME = AppIcon;
				CODE_SIGN_STYLE = Automatic;
				DEVELOPMENT_TEAM = KWBTKM2BDA;
				INFOPLIST_FILE = "Project 3/Info.plist";
				LD_RUNPATH_SEARCH_PATHS = (
					"$(inherited)",
					"@executable_path/Frameworks",
				);
				PRODUCT_BUNDLE_IDENTIFIER = "Terky.Project-3";
				PRODUCT_NAME = "$(TARGET_NAME)";
				SWIFT_VERSION = 5.0;
				TARGETED_DEVICE_FAMILY = "1,2";
			};
			name = Release;
		};
/* End XCBuildConfiguration section */

/* Begin XCConfigurationList section */
		536CD3BD23F5A0DC005AFFD2 /* Build configuration list for PBXProject "Project 3" */ = {
			isa = XCConfigurationList;
			buildConfigurations = (
				536CD3D423F5A0E1005AFFD2 /* Debug */,
				536CD3D523F5A0E1005AFFD2 /* Release */,
			);
			defaultConfigurationIsVisible = 0;
			defaultConfigurationName = Release;
		};
		536CD3D623F5A0E1005AFFD2 /* Build configuration list for PBXNativeTarget "Project 3" */ = {
			isa = XCConfigurationList;
			buildConfigurations = (
				536CD3D723F5A0E1005AFFD2 /* Debug */,
				536CD3D823F5A0E1005AFFD2 /* Release */,
			);
			defaultConfigurationIsVisible = 0;
			defaultConfigurationName = Release;
		};
/* End XCConfigurationList section */
	};
	rootObject = 536CD3BA23F5A0DC005AFFD2 /* Project object */;
}
