// !$*UTF8*$!
{
	archiveVersion = 1;
	classes = {
	};
	objectVersion = 50;
	objects = {

/* Begin PBXBuildFile section */
		5302BE11245C0EF000796306 /* AppDelegate.swift in Sources */ = {isa = PBXBuildFile; fileRef = 5302BE10245C0EF000796306 /* AppDelegate.swift */; };
		5302BE13245C0EF000796306 /* SceneDelegate.swift in Sources */ = {isa = PBXBuildFile; fileRef = 5302BE12245C0EF000796306 /* SceneDelegate.swift */; };
		5302BE15245C0EF000796306 /* MainTableViewController.swift in Sources */ = {isa = PBXBuildFile; fileRef = 5302BE14245C0EF000796306 /* MainTableViewController.swift */; };
		5302BE18245C0EF000796306 /* Main.storyboard in Resources */ = {isa = PBXBuildFile; fileRef = 5302BE16245C0EF000796306 /* Main.storyboard */; };
		5302BE1A245C0EF300796306 /* Assets.xcassets in Resources */ = {isa = PBXBuildFile; fileRef = 5302BE19245C0EF300796306 /* Assets.xcassets */; };
		5302BE1D245C0EF300796306 /* LaunchScreen.storyboard in Resources */ = {isa = PBXBuildFile; fileRef = 5302BE1B245C0EF300796306 /* LaunchScreen.storyboard */; };
		5302BE25245C138F00796306 /* DetailViewController.swift in Sources */ = {isa = PBXBuildFile; fileRef = 5302BE24245C138F00796306 /* DetailViewController.swift */; };
		5302BE27245C13D800796306 /* NoteTableViewCell.swift in Sources */ = {isa = PBXBuildFile; fileRef = 5302BE26245C13D800796306 /* NoteTableViewCell.swift */; };
		5311C283245C1C420046290B /* Note.swift in Sources */ = {isa = PBXBuildFile; fileRef = 5311C282245C1C420046290B /* Note.swift */; };
		5311C285245C1E170046290B /* Utils.swift in Sources */ = {isa = PBXBuildFile; fileRef = 5311C284245C1E170046290B /* Utils.swift */; };
/* End PBXBuildFile section */

/* Begin PBXFileReference section */
		5302BE0D245C0EEF00796306 /* Notes.app */ = {isa = PBXFileReference; explicitFileType = wrapper.application; includeInIndex = 0; path = Notes.app; sourceTree = BUILT_PRODUCTS_DIR; };
		5302BE10245C0EF000796306 /* AppDelegate.swift */ = {isa = PBXFileReference; lastKnownFileType = sourcecode.swift; path = AppDelegate.swift; sourceTree = "<group>"; };
		5302BE12245C0EF000796306 /* SceneDelegate.swift */ = {isa = PBXFileReference; lastKnownFileType = sourcecode.swift; path = SceneDelegate.swift; sourceTree = "<group>"; };
		5302BE14245C0EF000796306 /* MainTableViewController.swift */ = {isa = PBXFileReference; lastKnownFileType = sourcecode.swift; path = MainTableViewController.swift; sourceTree = "<group>"; };
		5302BE17245C0EF000796306 /* Base */ = {isa = PBXFileReference; lastKnownFileType = file.storyboard; name = Base; path = Base.lproj/Main.storyboard; sourceTree = "<group>"; };
		5302BE19245C0EF300796306 /* Assets.xcassets */ = {isa = PBXFileReference; lastKnownFileType = folder.assetcatalog; path = Assets.xcassets; sourceTree = "<group>"; };
		5302BE1C245C0EF300796306 /* Base */ = {isa = PBXFileReference; lastKnownFileType = file.storyboard; name = Base; path = Base.lproj/LaunchScreen.storyboard; sourceTree = "<group>"; };
		5302BE1E245C0EF300796306 /* Info.plist */ = {isa = PBXFileReference; lastKnownFileType = text.plist.xml; path = Info.plist; sourceTree = "<group>"; };
		5302BE24245C138F00796306 /* DetailViewController.swift */ = {isa = PBXFileReference; lastKnownFileType = sourcecode.swift; path = DetailViewController.swift; sourceTree = "<group>"; };
		5302BE26245C13D800796306 /* NoteTableViewCell.swift */ = {isa = PBXFileReference; lastKnownFileType = sourcecode.swift; path = NoteTableViewCell.swift; sourceTree = "<group>"; };
		5311C282245C1C420046290B /* Note.swift */ = {isa = PBXFileReference; lastKnownFileType = sourcecode.swift; path = Note.swift; sourceTree = "<group>"; };
		5311C284245C1E170046290B /* Utils.swift */ = {isa = PBXFileReference; lastKnownFileType = sourcecode.swift; path = Utils.swift; sourceTree = "<group>"; };
/* End PBXFileReference section */

/* Begin PBXFrameworksBuildPhase section */
		5302BE0A245C0EEF00796306 /* Frameworks */ = {
			isa = PBXFrameworksBuildPhase;
			buildActionMask = 2147483647;
			files = (
			);
			runOnlyForDeploymentPostprocessing = 0;
		};
/* End PBXFrameworksBuildPhase section */

/* Begin PBXGroup section */
		5302BE04245C0EEF00796306 = {
			isa = PBXGroup;
			children = (
				5302BE0F245C0EF000796306 /* Notes */,
				5302BE0E245C0EEF00796306 /* Products */,
			);
			sourceTree = "<group>";
		};
		5302BE0E245C0EEF00796306 /* Products */ = {
			isa = PBXGroup;
			children = (
				5302BE0D245C0EEF00796306 /* Notes.app */,
			);
			name = Products;
			sourceTree = "<group>";
		};
		5302BE0F245C0EF000796306 /* Notes */ = {
			isa = PBXGroup;
			children = (
				5311C284245C1E170046290B /* Utils.swift */,
				5311C282245C1C420046290B /* Note.swift */,
				5302BE26245C13D800796306 /* NoteTableViewCell.swift */,
				5302BE10245C0EF000796306 /* AppDelegate.swift */,
				5302BE12245C0EF000796306 /* SceneDelegate.swift */,
				5302BE14245C0EF000796306 /* MainTableViewController.swift */,
				5302BE16245C0EF000796306 /* Main.storyboard */,
				5302BE24245C138F00796306 /* DetailViewController.swift */,
				5302BE19245C0EF300796306 /* Assets.xcassets */,
				5302BE1B245C0EF300796306 /* LaunchScreen.storyboard */,
				5302BE1E245C0EF300796306 /* Info.plist */,
			);
			path = Notes;
			sourceTree = "<group>";
		};
/* End PBXGroup section */

/* Begin PBXNativeTarget section */
		5302BE0C245C0EEF00796306 /* Notes */ = {
			isa = PBXNativeTarget;
			buildConfigurationList = 5302BE21245C0EF300796306 /* Build configuration list for PBXNativeTarget "Notes" */;
			buildPhases = (
				5302BE09245C0EEF00796306 /* Sources */,
				5302BE0A245C0EEF00796306 /* Frameworks */,
				5302BE0B245C0EEF00796306 /* Resources */,
			);
			buildRules = (
			);
			dependencies = (
			);
			name = Notes;
			productName = Notes;
			productReference = 5302BE0D245C0EEF00796306 /* Notes.app */;
			productType = "com.apple.product-type.application";
		};
/* End PBXNativeTarget section */

/* Begin PBXProject section */
		5302BE05245C0EEF00796306 /* Project object */ = {
			isa = PBXProject;
			attributes = {
				LastSwiftUpdateCheck = 1140;
				LastUpgradeCheck = 1140;
				ORGANIZATIONNAME = "Артём Бурмистров";
				TargetAttributes = {
					5302BE0C245C0EEF00796306 = {
						CreatedOnToolsVersion = 11.4.1;
					};
				};
			};
			buildConfigurationList = 5302BE08245C0EEF00796306 /* Build configuration list for PBXProject "Notes" */;
			compatibilityVersion = "Xcode 9.3";
			developmentRegion = en;
			hasScannedForEncodings = 0;
			knownRegions = (
				en,
				Base,
			);
			mainGroup = 5302BE04245C0EEF00796306;
			productRefGroup = 5302BE0E245C0EEF00796306 /* Products */;
			projectDirPath = "";
			projectRoot = "";
			targets = (
				5302BE0C245C0EEF00796306 /* Notes */,
			);
		};
/* End PBXProject section */

/* Begin PBXResourcesBuildPhase section */
		5302BE0B245C0EEF00796306 /* Resources */ = {
			isa = PBXResourcesBuildPhase;
			buildActionMask = 2147483647;
			files = (
				5302BE1D245C0EF300796306 /* LaunchScreen.storyboard in Resources */,
				5302BE1A245C0EF300796306 /* Assets.xcassets in Resources */,
				5302BE18245C0EF000796306 /* Main.storyboard in Resources */,
			);
			runOnlyForDeploymentPostprocessing = 0;
		};
/* End PBXResourcesBuildPhase section */

/* Begin PBXSourcesBuildPhase section */
		5302BE09245C0EEF00796306 /* Sources */ = {
			isa = PBXSourcesBuildPhase;
			buildActionMask = 2147483647;
			files = (
				5302BE15245C0EF000796306 /* MainTableViewController.swift in Sources */,
				5302BE11245C0EF000796306 /* AppDelegate.swift in Sources */,
				5302BE13245C0EF000796306 /* SceneDelegate.swift in Sources */,
				5311C285245C1E170046290B /* Utils.swift in Sources */,
				5302BE27245C13D800796306 /* NoteTableViewCell.swift in Sources */,
				5302BE25245C138F00796306 /* DetailViewController.swift in Sources */,
				5311C283245C1C420046290B /* Note.swift in Sources */,
			);
			runOnlyForDeploymentPostprocessing = 0;
		};
/* End PBXSourcesBuildPhase section */

/* Begin PBXVariantGroup section */
		5302BE16245C0EF000796306 /* Main.storyboard */ = {
			isa = PBXVariantGroup;
			children = (
				5302BE17245C0EF000796306 /* Base */,
			);
			name = Main.storyboard;
			sourceTree = "<group>";
		};
		5302BE1B245C0EF300796306 /* LaunchScreen.storyboard */ = {
			isa = PBXVariantGroup;
			children = (
				5302BE1C245C0EF300796306 /* Base */,
			);
			name = LaunchScreen.storyboard;
			sourceTree = "<group>";
		};
/* End PBXVariantGroup section */

/* Begin XCBuildConfiguration section */
		5302BE1F245C0EF300796306 /* Debug */ = {
			isa = XCBuildConfiguration;
			buildSettings = {
				ALWAYS_SEARCH_USER_PATHS = NO;
				CLANG_ANALYZER_NONNULL = YES;
				CLANG_ANALYZER_NUMBER_OBJECT_CONVERSION = YES_AGGRESSIVE;
				CLANG_CXX_LANGUAGE_STANDARD = "gnu++14";
				CLANG_CXX_LIBRARY = "libc++";
				CLANG_ENABLE_MODULES = YES;
				CLANG_ENABLE_OBJC_ARC = YES;
				CLANG_ENABLE_OBJC_WEAK = YES;
				CLANG_WARN_BLOCK_CAPTURE_AUTORELEASING = YES;
				CLANG_WARN_BOOL_CONVERSION = YES;
				CLANG_WARN_COMMA = YES;
				CLANG_WARN_CONSTANT_CONVERSION = YES;
				CLANG_WARN_DEPRECATED_OBJC_IMPLEMENTATIONS = YES;
				CLANG_WARN_DIRECT_OBJC_ISA_USAGE = YES_ERROR;
				CLANG_WARN_DOCUMENTATION_COMMENTS = YES;
				CLANG_WARN_EMPTY_BODY = YES;
				CLANG_WARN_ENUM_CONVERSION = YES;
				CLANG_WARN_INFINITE_RECURSION = YES;
				CLANG_WARN_INT_CONVERSION = YES;
				CLANG_WARN_NON_LITERAL_NULL_CONVERSION = YES;
				CLANG_WARN_OBJC_IMPLICIT_RETAIN_SELF = YES;
				CLANG_WARN_OBJC_LITERAL_CONVERSION = YES;
				CLANG_WARN_OBJC_ROOT_CLASS = YES_ERROR;
				CLANG_WARN_RANGE_LOOP_ANALYSIS = YES;
				CLANG_WARN_STRICT_PROTOTYPES = YES;
				CLANG_WARN_SUSPICIOUS_MOVE = YES;
				CLANG_WARN_UNGUARDED_AVAILABILITY = YES_AGGRESSIVE;
				CLANG_WARN_UNREACHABLE_CODE = YES;
				CLANG_WARN__DUPLICATE_METHOD_MATCH = YES;
				COPY_PHASE_STRIP = NO;
				DEBUG_INFORMATION_FORMAT = dwarf;
				ENABLE_STRICT_OBJC_MSGSEND = YES;
				ENABLE_TESTABILITY = YES;
				GCC_C_LANGUAGE_STANDARD = gnu11;
				GCC_DYNAMIC_NO_PIC = NO;
				GCC_NO_COMMON_BLOCKS = YES;
				GCC_OPTIMIZATION_LEVEL = 0;
				GCC_PREPROCESSOR_DEFINITIONS = (
					"DEBUG=1",
					"$(inherited)",
				);
				GCC_WARN_64_TO_32_BIT_CONVERSION = YES;
				GCC_WARN_ABOUT_RETURN_TYPE = YES_ERROR;
				GCC_WARN_UNDECLARED_SELECTOR = YES;
				GCC_WARN_UNINITIALIZED_AUTOS = YES_AGGRESSIVE;
				GCC_WARN_UNUSED_FUNCTION = YES;
				GCC_WARN_UNUSED_VARIABLE = YES;
				IPHONEOS_DEPLOYMENT_TARGET = 13.4;
				MTL_ENABLE_DEBUG_INFO = INCLUDE_SOURCE;
				MTL_FAST_MATH = YES;
				ONLY_ACTIVE_ARCH = YES;
				SDKROOT = iphoneos;
				SWIFT_ACTIVE_COMPILATION_CONDITIONS = DEBUG;
				SWIFT_OPTIMIZATION_LEVEL = "-Onone";
			};
			name = Debug;
		};
		5302BE20245C0EF300796306 /* Release */ = {
			isa = XCBuildConfiguration;
			buildSettings = {
				ALWAYS_SEARCH_USER_PATHS = NO;
				CLANG_ANALYZER_NONNULL = YES;
				CLANG_ANALYZER_NUMBER_OBJECT_CONVERSION = YES_AGGRESSIVE;
				CLANG_CXX_LANGUAGE_STANDARD = "gnu++14";
				CLANG_CXX_LIBRARY = "libc++";
				CLANG_ENABLE_MODULES = YES;
				CLANG_ENABLE_OBJC_ARC = YES;
				CLANG_ENABLE_OBJC_WEAK = YES;
				CLANG_WARN_BLOCK_CAPTURE_AUTORELEASING = YES;
				CLANG_WARN_BOOL_CONVERSION = YES;
				CLANG_WARN_COMMA = YES;
				CLANG_WARN_CONSTANT_CONVERSION = YES;
				CLANG_WARN_DEPRECATED_OBJC_IMPLEMENTATIONS = YES;
				CLANG_WARN_DIRECT_OBJC_ISA_USAGE = YES_ERROR;
				CLANG_WARN_DOCUMENTATION_COMMENTS = YES;
				CLANG_WARN_EMPTY_BODY = YES;
				CLANG_WARN_ENUM_CONVERSION = YES;
				CLANG_WARN_INFINITE_RECURSION = YES;
				CLANG_WARN_INT_CONVERSION = YES;
				CLANG_WARN_NON_LITERAL_NULL_CONVERSION = YES;
				CLANG_WARN_OBJC_IMPLICIT_RETAIN_SELF = YES;
				CLANG_WARN_OBJC_LITERAL_CONVERSION = YES;
				CLANG_WARN_OBJC_ROOT_CLASS = YES_ERROR;
				CLANG_WARN_RANGE_LOOP_ANALYSIS = YES;
				CLANG_WARN_STRICT_PROTOTYPES = YES;
				CLANG_WARN_SUSPICIOUS_MOVE = YES;
				CLANG_WARN_UNGUARDED_AVAILABILITY = YES_AGGRESSIVE;
				CLANG_WARN_UNREACHABLE_CODE = YES;
				CLANG_WARN__DUPLICATE_METHOD_MATCH = YES;
				COPY_PHASE_STRIP = NO;
				DEBUG_INFORMATION_FORMAT = "dwarf-with-dsym";
				ENABLE_NS_ASSERTIONS = NO;
				ENABLE_STRICT_OBJC_MSGSEND = YES;
				GCC_C_LANGUAGE_STANDARD = gnu11;
				GCC_NO_COMMON_BLOCKS = YES;
				GCC_WARN_64_TO_32_BIT_CONVERSION = YES;
				GCC_WARN_ABOUT_RETURN_TYPE = YES_ERROR;
				GCC_WARN_UNDECLARED_SELECTOR = YES;
				GCC_WARN_UNINITIALIZED_AUTOS = YES_AGGRESSIVE;
				GCC_WARN_UNUSED_FUNCTION = YES;
				GCC_WARN_UNUSED_VARIABLE = YES;
				IPHONEOS_DEPLOYMENT_TARGET = 13.4;
				MTL_ENABLE_DEBUG_INFO = NO;
				MTL_FAST_MATH = YES;
				SDKROOT = iphoneos;
				SWIFT_COMPILATION_MODE = wholemodule;
				SWIFT_OPTIMIZATION_LEVEL = "-O";
				VALIDATE_PRODUCT = YES;
			};
			name = Release;
		};
		5302BE22245C0EF300796306 /* Debug */ = {
			isa = XCBuildConfiguration;
			buildSettings = {
				ASSETCATALOG_COMPILER_APPICON_NAME = AppIcon;
				CODE_SIGN_STYLE = Automatic;
				DEVELOPMENT_TEAM = KWBTKM2BDA;
				INFOPLIST_FILE = Notes/Info.plist;
				LD_RUNPATH_SEARCH_PATHS = (
					"$(inherited)",
					"@executable_path/Frameworks",
				);
				PRODUCT_BUNDLE_IDENTIFIER = Terky.Notes;
				PRODUCT_NAME = "$(TARGET_NAME)";
				SWIFT_VERSION = 5.0;
				TARGETED_DEVICE_FAMILY = "1,2";
			};
			name = Debug;
		};
		5302BE23245C0EF300796306 /* Release */ = {
			isa = XCBuildConfiguration;
			buildSettings = {
				ASSETCATALOG_COMPILER_APPICON_NAME = AppIcon;
				CODE_SIGN_STYLE = Automatic;
				DEVELOPMENT_TEAM = KWBTKM2BDA;
				INFOPLIST_FILE = Notes/Info.plist;
				LD_RUNPATH_SEARCH_PATHS = (
					"$(inherited)",
					"@executable_path/Frameworks",
				);
				PRODUCT_BUNDLE_IDENTIFIER = Terky.Notes;
				PRODUCT_NAME = "$(TARGET_NAME)";
				SWIFT_VERSION = 5.0;
				TARGETED_DEVICE_FAMILY = "1,2";
			};
			name = Release;
		};
/* End XCBuildConfiguration section */

/* Begin XCConfigurationList section */
		5302BE08245C0EEF00796306 /* Build configuration list for PBXProject "Notes" */ = {
			isa = XCConfigurationList;
			buildConfigurations = (
				5302BE1F245C0EF300796306 /* Debug */,
				5302BE20245C0EF300796306 /* Release */,
			);
			defaultConfigurationIsVisible = 0;
			defaultConfigurationName = Release;
		};
		5302BE21245C0EF300796306 /* Build configuration list for PBXNativeTarget "Notes" */ = {
			isa = XCConfigurationList;
			buildConfigurations = (
				5302BE22245C0EF300796306 /* Debug */,
				5302BE23245C0EF300796306 /* Release */,
			);
			defaultConfigurationIsVisible = 0;
			defaultConfigurationName = Release;
		};
/* End XCConfigurationList section */
	};
	rootObject = 5302BE05245C0EEF00796306 /* Project object */;
}
