// !$*UTF8*$!
{
	archiveVersion = 1;
	classes = {
	};
	objectVersion = 50;
	objects = {

/* Begin PBXBuildFile section */
		5372F7C22453656100596464 /* AppDelegate.swift in Sources */ = {isa = PBXBuildFile; fileRef = 5372F7C12453656100596464 /* AppDelegate.swift */; };
		5372F7C82453656100596464 /* GameScene.swift in Sources */ = {isa = PBXBuildFile; fileRef = 5372F7C72453656100596464 /* GameScene.swift */; };
		5372F7CA2453656100596464 /* GameViewController.swift in Sources */ = {isa = PBXBuildFile; fileRef = 5372F7C92453656100596464 /* GameViewController.swift */; };
		5372F7CD2453656200596464 /* Main.storyboard in Resources */ = {isa = PBXBuildFile; fileRef = 5372F7CB2453656200596464 /* Main.storyboard */; };
		5372F7CF2453656A00596464 /* Assets.xcassets in Resources */ = {isa = PBXBuildFile; fileRef = 5372F7CE2453656A00596464 /* Assets.xcassets */; };
		5372F7D22453656A00596464 /* LaunchScreen.storyboard in Resources */ = {isa = PBXBuildFile; fileRef = 5372F7D02453656A00596464 /* LaunchScreen.storyboard */; };
		5372F7DB245365A500596464 /* fuse.sks in Resources */ = {isa = PBXBuildFile; fileRef = 5372F7D9245365A400596464 /* fuse.sks */; };
		5372F7DC245365A500596464 /* explode.sks in Resources */ = {isa = PBXBuildFile; fileRef = 5372F7DA245365A500596464 /* explode.sks */; };
		5372F7DE245365DA00596464 /* GameScene.sks in Resources */ = {isa = PBXBuildFile; fileRef = 5372F7DD245365DA00596464 /* GameScene.sks */; };
/* End PBXBuildFile section */

/* Begin PBXFileReference section */
		5372F7BE2453656100596464 /* Project 20.app */ = {isa = PBXFileReference; explicitFileType = wrapper.application; includeInIndex = 0; path = "Project 20.app"; sourceTree = BUILT_PRODUCTS_DIR; };
		5372F7C12453656100596464 /* AppDelegate.swift */ = {isa = PBXFileReference; lastKnownFileType = sourcecode.swift; path = AppDelegate.swift; sourceTree = "<group>"; };
		5372F7C72453656100596464 /* GameScene.swift */ = {isa = PBXFileReference; lastKnownFileType = sourcecode.swift; path = GameScene.swift; sourceTree = "<group>"; };
		5372F7C92453656100596464 /* GameViewController.swift */ = {isa = PBXFileReference; lastKnownFileType = sourcecode.swift; path = GameViewController.swift; sourceTree = "<group>"; };
		5372F7CC2453656200596464 /* Base */ = {isa = PBXFileReference; lastKnownFileType = file.storyboard; name = Base; path = Base.lproj/Main.storyboard; sourceTree = "<group>"; };
		5372F7CE2453656A00596464 /* Assets.xcassets */ = {isa = PBXFileReference; lastKnownFileType = folder.assetcatalog; path = Assets.xcassets; sourceTree = "<group>"; };
		5372F7D12453656A00596464 /* Base */ = {isa = PBXFileReference; lastKnownFileType = file.storyboard; name = Base; path = Base.lproj/LaunchScreen.storyboard; sourceTree = "<group>"; };
		5372F7D32453656A00596464 /* Info.plist */ = {isa = PBXFileReference; lastKnownFileType = text.plist.xml; path = Info.plist; sourceTree = "<group>"; };
		5372F7D9245365A400596464 /* fuse.sks */ = {isa = PBXFileReference; lastKnownFileType = file.sks; path = fuse.sks; sourceTree = "<group>"; };
		5372F7DA245365A500596464 /* explode.sks */ = {isa = PBXFileReference; lastKnownFileType = file.sks; path = explode.sks; sourceTree = "<group>"; };
		5372F7DD245365DA00596464 /* GameScene.sks */ = {isa = PBXFileReference; lastKnownFileType = file.sks; path = GameScene.sks; sourceTree = "<group>"; };
/* End PBXFileReference section */

/* Begin PBXFrameworksBuildPhase section */
		5372F7BB2453656100596464 /* Frameworks */ = {
			isa = PBXFrameworksBuildPhase;
			buildActionMask = 2147483647;
			files = (
			);
			runOnlyForDeploymentPostprocessing = 0;
		};
/* End PBXFrameworksBuildPhase section */

/* Begin PBXGroup section */
		5372F7B52453656100596464 = {
			isa = PBXGroup;
			children = (
				5372F7C02453656100596464 /* Project 20 */,
				5372F7BF2453656100596464 /* Products */,
			);
			sourceTree = "<group>";
		};
		5372F7BF2453656100596464 /* Products */ = {
			isa = PBXGroup;
			children = (
				5372F7BE2453656100596464 /* Project 20.app */,
			);
			name = Products;
			sourceTree = "<group>";
		};
		5372F7C02453656100596464 /* Project 20 */ = {
			isa = PBXGroup;
			children = (
				5372F7C12453656100596464 /* AppDelegate.swift */,
				5372F7C72453656100596464 /* GameScene.swift */,
				5372F7C92453656100596464 /* GameViewController.swift */,
				5372F7CB2453656200596464 /* Main.storyboard */,
				5372F7DD245365DA00596464 /* GameScene.sks */,
				5372F7DA245365A500596464 /* explode.sks */,
				5372F7D9245365A400596464 /* fuse.sks */,
				5372F7CE2453656A00596464 /* Assets.xcassets */,
				5372F7D02453656A00596464 /* LaunchScreen.storyboard */,
				5372F7D32453656A00596464 /* Info.plist */,
			);
			path = "Project 20";
			sourceTree = "<group>";
		};
/* End PBXGroup section */

/* Begin PBXNativeTarget section */
		5372F7BD2453656100596464 /* Project 20 */ = {
			isa = PBXNativeTarget;
			buildConfigurationList = 5372F7D62453656A00596464 /* Build configuration list for PBXNativeTarget "Project 20" */;
			buildPhases = (
				5372F7BA2453656100596464 /* Sources */,
				5372F7BB2453656100596464 /* Frameworks */,
				5372F7BC2453656100596464 /* Resources */,
			);
			buildRules = (
			);
			dependencies = (
			);
			name = "Project 20";
			productName = "Project 20";
			productReference = 5372F7BE2453656100596464 /* Project 20.app */;
			productType = "com.apple.product-type.application";
		};
/* End PBXNativeTarget section */

/* Begin PBXProject section */
		5372F7B62453656100596464 /* Project object */ = {
			isa = PBXProject;
			attributes = {
				LastSwiftUpdateCheck = 1140;
				LastUpgradeCheck = 1140;
				ORGANIZATIONNAME = "Артём Бурмистров";
				TargetAttributes = {
					5372F7BD2453656100596464 = {
						CreatedOnToolsVersion = 11.4.1;
					};
				};
			};
			buildConfigurationList = 5372F7B92453656100596464 /* Build configuration list for PBXProject "Project 20" */;
			compatibilityVersion = "Xcode 9.3";
			developmentRegion = en;
			hasScannedForEncodings = 0;
			knownRegions = (
				en,
				Base,
			);
			mainGroup = 5372F7B52453656100596464;
			productRefGroup = 5372F7BF2453656100596464 /* Products */;
			projectDirPath = "";
			projectRoot = "";
			targets = (
				5372F7BD2453656100596464 /* Project 20 */,
			);
		};
/* End PBXProject section */

/* Begin PBXResourcesBuildPhase section */
		5372F7BC2453656100596464 /* Resources */ = {
			isa = PBXResourcesBuildPhase;
			buildActionMask = 2147483647;
			files = (
				5372F7CD2453656200596464 /* Main.storyboard in Resources */,
				5372F7DC245365A500596464 /* explode.sks in Resources */,
				5372F7DB245365A500596464 /* fuse.sks in Resources */,
				5372F7CF2453656A00596464 /* Assets.xcassets in Resources */,
				5372F7DE245365DA00596464 /* GameScene.sks in Resources */,
				5372F7D22453656A00596464 /* LaunchScreen.storyboard in Resources */,
			);
			runOnlyForDeploymentPostprocessing = 0;
		};
/* End PBXResourcesBuildPhase section */

/* Begin PBXSourcesBuildPhase section */
		5372F7BA2453656100596464 /* Sources */ = {
			isa = PBXSourcesBuildPhase;
			buildActionMask = 2147483647;
			files = (
				5372F7C82453656100596464 /* GameScene.swift in Sources */,
				5372F7CA2453656100596464 /* GameViewController.swift in Sources */,
				5372F7C22453656100596464 /* AppDelegate.swift in Sources */,
			);
			runOnlyForDeploymentPostprocessing = 0;
		};
/* End PBXSourcesBuildPhase section */

/* Begin PBXVariantGroup section */
		5372F7CB2453656200596464 /* Main.storyboard */ = {
			isa = PBXVariantGroup;
			children = (
				5372F7CC2453656200596464 /* Base */,
			);
			name = Main.storyboard;
			sourceTree = "<group>";
		};
		5372F7D02453656A00596464 /* LaunchScreen.storyboard */ = {
			isa = PBXVariantGroup;
			children = (
				5372F7D12453656A00596464 /* Base */,
			);
			name = LaunchScreen.storyboard;
			sourceTree = "<group>";
		};
/* End PBXVariantGroup section */

/* Begin XCBuildConfiguration section */
		5372F7D42453656A00596464 /* Debug */ = {
			isa = XCBuildConfiguration;
			buildSettings = {
				ALWAYS_SEARCH_USER_PATHS = NO;
				CLANG_ANALYZER_NONNULL = YES;
				CLANG_ANALYZER_NUMBER_OBJECT_CONVERSION = YES_AGGRESSIVE;
				CLANG_CXX_LANGUAGE_STANDARD = "gnu++14";
				CLANG_CXX_LIBRARY = "libc++";
				CLANG_ENABLE_MODULES = YES;
				CLANG_ENABLE_OBJC_ARC = YES;
				CLANG_ENABLE_OBJC_WEAK = YES;
				CLANG_WARN_BLOCK_CAPTURE_AUTORELEASING = YES;
				CLANG_WARN_BOOL_CONVERSION = YES;
				CLANG_WARN_COMMA = YES;
				CLANG_WARN_CONSTANT_CONVERSION = YES;
				CLANG_WARN_DEPRECATED_OBJC_IMPLEMENTATIONS = YES;
				CLANG_WARN_DIRECT_OBJC_ISA_USAGE = YES_ERROR;
				CLANG_WARN_DOCUMENTATION_COMMENTS = YES;
				CLANG_WARN_EMPTY_BODY = YES;
				CLANG_WARN_ENUM_CONVERSION = YES;
				CLANG_WARN_INFINITE_RECURSION = YES;
				CLANG_WARN_INT_CONVERSION = YES;
				CLANG_WARN_NON_LITERAL_NULL_CONVERSION = YES;
				CLANG_WARN_OBJC_IMPLICIT_RETAIN_SELF = YES;
				CLANG_WARN_OBJC_LITERAL_CONVERSION = YES;
				CLANG_WARN_OBJC_ROOT_CLASS = YES_ERROR;
				CLANG_WARN_RANGE_LOOP_ANALYSIS = YES;
				CLANG_WARN_STRICT_PROTOTYPES = YES;
				CLANG_WARN_SUSPICIOUS_MOVE = YES;
				CLANG_WARN_UNGUARDED_AVAILABILITY = YES_AGGRESSIVE;
				CLANG_WARN_UNREACHABLE_CODE = YES;
				CLANG_WARN__DUPLICATE_METHOD_MATCH = YES;
				COPY_PHASE_STRIP = NO;
				DEBUG_INFORMATION_FORMAT = dwarf;
				ENABLE_STRICT_OBJC_MSGSEND = YES;
				ENABLE_TESTABILITY = YES;
				GCC_C_LANGUAGE_STANDARD = gnu11;
				GCC_DYNAMIC_NO_PIC = NO;
				GCC_NO_COMMON_BLOCKS = YES;
				GCC_OPTIMIZATION_LEVEL = 0;
				GCC_PREPROCESSOR_DEFINITIONS = (
					"DEBUG=1",
					"$(inherited)",
				);
				GCC_WARN_64_TO_32_BIT_CONVERSION = YES;
				GCC_WARN_ABOUT_RETURN_TYPE = YES_ERROR;
				GCC_WARN_UNDECLARED_SELECTOR = YES;
				GCC_WARN_UNINITIALIZED_AUTOS = YES_AGGRESSIVE;
				GCC_WARN_UNUSED_FUNCTION = YES;
				GCC_WARN_UNUSED_VARIABLE = YES;
				IPHONEOS_DEPLOYMENT_TARGET = 13.4;
				MTL_ENABLE_DEBUG_INFO = INCLUDE_SOURCE;
				MTL_FAST_MATH = YES;
				ONLY_ACTIVE_ARCH = YES;
				SDKROOT = iphoneos;
				SWIFT_ACTIVE_COMPILATION_CONDITIONS = DEBUG;
				SWIFT_OPTIMIZATION_LEVEL = "-Onone";
			};
			name = Debug;
		};
		5372F7D52453656A00596464 /* Release */ = {
			isa = XCBuildConfiguration;
			buildSettings = {
				ALWAYS_SEARCH_USER_PATHS = NO;
				CLANG_ANALYZER_NONNULL = YES;
				CLANG_ANALYZER_NUMBER_OBJECT_CONVERSION = YES_AGGRESSIVE;
				CLANG_CXX_LANGUAGE_STANDARD = "gnu++14";
				CLANG_CXX_LIBRARY = "libc++";
				CLANG_ENABLE_MODULES = YES;
				CLANG_ENABLE_OBJC_ARC = YES;
				CLANG_ENABLE_OBJC_WEAK = YES;
				CLANG_WARN_BLOCK_CAPTURE_AUTORELEASING = YES;
				CLANG_WARN_BOOL_CONVERSION = YES;
				CLANG_WARN_COMMA = YES;
				CLANG_WARN_CONSTANT_CONVERSION = YES;
				CLANG_WARN_DEPRECATED_OBJC_IMPLEMENTATIONS = YES;
				CLANG_WARN_DIRECT_OBJC_ISA_USAGE = YES_ERROR;
				CLANG_WARN_DOCUMENTATION_COMMENTS = YES;
				CLANG_WARN_EMPTY_BODY = YES;
				CLANG_WARN_ENUM_CONVERSION = YES;
				CLANG_WARN_INFINITE_RECURSION = YES;
				CLANG_WARN_INT_CONVERSION = YES;
				CLANG_WARN_NON_LITERAL_NULL_CONVERSION = YES;
				CLANG_WARN_OBJC_IMPLICIT_RETAIN_SELF = YES;
				CLANG_WARN_OBJC_LITERAL_CONVERSION = YES;
				CLANG_WARN_OBJC_ROOT_CLASS = YES_ERROR;
				CLANG_WARN_RANGE_LOOP_ANALYSIS = YES;
				CLANG_WARN_STRICT_PROTOTYPES = YES;
				CLANG_WARN_SUSPICIOUS_MOVE = YES;
				CLANG_WARN_UNGUARDED_AVAILABILITY = YES_AGGRESSIVE;
				CLANG_WARN_UNREACHABLE_CODE = YES;
				CLANG_WARN__DUPLICATE_METHOD_MATCH = YES;
				COPY_PHASE_STRIP = NO;
				DEBUG_INFORMATION_FORMAT = "dwarf-with-dsym";
				ENABLE_NS_ASSERTIONS = NO;
				ENABLE_STRICT_OBJC_MSGSEND = YES;
				GCC_C_LANGUAGE_STANDARD = gnu11;
				GCC_NO_COMMON_BLOCKS = YES;
				GCC_WARN_64_TO_32_BIT_CONVERSION = YES;
				GCC_WARN_ABOUT_RETURN_TYPE = YES_ERROR;
				GCC_WARN_UNDECLARED_SELECTOR = YES;
				GCC_WARN_UNINITIALIZED_AUTOS = YES_AGGRESSIVE;
				GCC_WARN_UNUSED_FUNCTION = YES;
				GCC_WARN_UNUSED_VARIABLE = YES;
				IPHONEOS_DEPLOYMENT_TARGET = 13.4;
				MTL_ENABLE_DEBUG_INFO = NO;
				MTL_FAST_MATH = YES;
				SDKROOT = iphoneos;
				SWIFT_COMPILATION_MODE = wholemodule;
				SWIFT_OPTIMIZATION_LEVEL = "-O";
				VALIDATE_PRODUCT = YES;
			};
			name = Release;
		};
		5372F7D72453656A00596464 /* Debug */ = {
			isa = XCBuildConfiguration;
			buildSettings = {
				ASSETCATALOG_COMPILER_APPICON_NAME = AppIcon;
				CODE_SIGN_STYLE = Automatic;
				DEVELOPMENT_TEAM = KWBTKM2BDA;
				INFOPLIST_FILE = "Project 20/Info.plist";
				LD_RUNPATH_SEARCH_PATHS = (
					"$(inherited)",
					"@executable_path/Frameworks",
				);
				PRODUCT_BUNDLE_IDENTIFIER = "Terky.Project-20";
				PRODUCT_NAME = "$(TARGET_NAME)";
				SWIFT_VERSION = 5.0;
				TARGETED_DEVICE_FAMILY = 2;
			};
			name = Debug;
		};
		5372F7D82453656A00596464 /* Release */ = {
			isa = XCBuildConfiguration;
			buildSettings = {
				ASSETCATALOG_COMPILER_APPICON_NAME = AppIcon;
				CODE_SIGN_STYLE = Automatic;
				DEVELOPMENT_TEAM = KWBTKM2BDA;
				INFOPLIST_FILE = "Project 20/Info.plist";
				LD_RUNPATH_SEARCH_PATHS = (
					"$(inherited)",
					"@executable_path/Frameworks",
				);
				PRODUCT_BUNDLE_IDENTIFIER = "Terky.Project-20";
				PRODUCT_NAME = "$(TARGET_NAME)";
				SWIFT_VERSION = 5.0;
				TARGETED_DEVICE_FAMILY = 2;
			};
			name = Release;
		};
/* End XCBuildConfiguration section */

/* Begin XCConfigurationList section */
		5372F7B92453656100596464 /* Build configuration list for PBXProject "Project 20" */ = {
			isa = XCConfigurationList;
			buildConfigurations = (
				5372F7D42453656A00596464 /* Debug */,
				5372F7D52453656A00596464 /* Release */,
			);
			defaultConfigurationIsVisible = 0;
			defaultConfigurationName = Release;
		};
		5372F7D62453656A00596464 /* Build configuration list for PBXNativeTarget "Project 20" */ = {
			isa = XCConfigurationList;
			buildConfigurations = (
				5372F7D72453656A00596464 /* Debug */,
				5372F7D82453656A00596464 /* Release */,
			);
			defaultConfigurationIsVisible = 0;
			defaultConfigurationName = Release;
		};
/* End XCConfigurationList section */
	};
	rootObject = 5372F7B62453656100596464 /* Project object */;
}
